// !$*UTF8*$!
{
	archiveVersion = 1;
	classes = {
	};
	objectVersion = 46;
	objects = {

/* Begin PBXBuildFile section */
		6A8C76BB1A0C06EE000925F5 /* Cocoa.framework in Frameworks */ = {isa = PBXBuildFile; fileRef = 6A8C76BA1A0C06EE000925F5 /* Cocoa.framework */; };
		6A8C76C51A0C06EE000925F5 /* InfoPlist.strings in Resources */ = {isa = PBXBuildFile; fileRef = 6A8C76C31A0C06EE000925F5 /* InfoPlist.strings */; };
		6A8C76C71A0C06EE000925F5 /* main.m in Sources */ = {isa = PBXBuildFile; fileRef = 6A8C76C61A0C06EE000925F5 /* main.m */; };
		6A8C76CB1A0C06EE000925F5 /* Credits.rtf in Resources */ = {isa = PBXBuildFile; fileRef = 6A8C76C91A0C06EE000925F5 /* Credits.rtf */; };
		6A8C76D11A0C06EE000925F5 /* MainMenu.xib in Resources */ = {isa = PBXBuildFile; fileRef = 6A8C76CF1A0C06EE000925F5 /* MainMenu.xib */; };
		6A8C76D31A0C06EE000925F5 /* Images.xcassets in Resources */ = {isa = PBXBuildFile; fileRef = 6A8C76D21A0C06EE000925F5 /* Images.xcassets */; };
		6A8C76DA1A0C06EE000925F5 /* XCTest.framework in Frameworks */ = {isa = PBXBuildFile; fileRef = 6A8C76D91A0C06EE000925F5 /* XCTest.framework */; };
		6A8C76DB1A0C06EE000925F5 /* Cocoa.framework in Frameworks */ = {isa = PBXBuildFile; fileRef = 6A8C76BA1A0C06EE000925F5 /* Cocoa.framework */; };
		6A8C76E31A0C06EE000925F5 /* InfoPlist.strings in Resources */ = {isa = PBXBuildFile; fileRef = 6A8C76E11A0C06EE000925F5 /* InfoPlist.strings */; };
		6A8C76E51A0C06EE000925F5 /* MiniServoTests.m in Sources */ = {isa = PBXBuildFile; fileRef = 6A8C76E41A0C06EE000925F5 /* MiniServoTests.m */; };
		6A8C76F01A0C2C83000925F5 /* MSView.mm in Sources */ = {isa = PBXBuildFile; fileRef = 6A8C76EF1A0C2C83000925F5 /* MSView.mm */; };
		6A8C76F21A0C2F97000925F5 /* MSAppDelegate.mm in Sources */ = {isa = PBXBuildFile; fileRef = 6A8C76F11A0C2F97000925F5 /* MSAppDelegate.mm */; };
		6A8C76F41A0C3218000925F5 /* Chromium Embedded Framework.framework in Frameworks */ = {isa = PBXBuildFile; fileRef = 6A8C76F31A0C3218000925F5 /* Chromium Embedded Framework.framework */; };
		6A8C77B91A0C328C000925F5 /* cef_atomicops_x86_gcc.cc in Sources */ = {isa = PBXBuildFile; fileRef = 6A8C76F71A0C328C000925F5 /* cef_atomicops_x86_gcc.cc */; };
		6A8C77BA1A0C328C000925F5 /* cef_bind_helpers.cc in Sources */ = {isa = PBXBuildFile; fileRef = 6A8C76F81A0C328C000925F5 /* cef_bind_helpers.cc */; };
		6A8C77BB1A0C328C000925F5 /* cef_callback_helpers.cc in Sources */ = {isa = PBXBuildFile; fileRef = 6A8C76F91A0C328C000925F5 /* cef_callback_helpers.cc */; };
		6A8C77BC1A0C328C000925F5 /* cef_callback_internal.cc in Sources */ = {isa = PBXBuildFile; fileRef = 6A8C76FA1A0C328C000925F5 /* cef_callback_internal.cc */; };
		6A8C77BD1A0C328C000925F5 /* cef_lock.cc in Sources */ = {isa = PBXBuildFile; fileRef = 6A8C76FB1A0C328C000925F5 /* cef_lock.cc */; };
		6A8C77BE1A0C328C000925F5 /* cef_lock_impl.cc in Sources */ = {isa = PBXBuildFile; fileRef = 6A8C76FC1A0C328C000925F5 /* cef_lock_impl.cc */; };
		6A8C77BF1A0C328C000925F5 /* cef_logging.cc in Sources */ = {isa = PBXBuildFile; fileRef = 6A8C76FD1A0C328C000925F5 /* cef_logging.cc */; };
		6A8C77C01A0C328C000925F5 /* cef_ref_counted.cc in Sources */ = {isa = PBXBuildFile; fileRef = 6A8C76FE1A0C328C000925F5 /* cef_ref_counted.cc */; };
		6A8C77C11A0C328C000925F5 /* cef_string16.cc in Sources */ = {isa = PBXBuildFile; fileRef = 6A8C76FF1A0C328C000925F5 /* cef_string16.cc */; };
		6A8C77C21A0C328C000925F5 /* cef_thread_checker_impl.cc in Sources */ = {isa = PBXBuildFile; fileRef = 6A8C77001A0C328C000925F5 /* cef_thread_checker_impl.cc */; };
		6A8C77C31A0C328C000925F5 /* cef_thread_collision_warner.cc in Sources */ = {isa = PBXBuildFile; fileRef = 6A8C77011A0C328C000925F5 /* cef_thread_collision_warner.cc */; };
		6A8C77C41A0C328C000925F5 /* cef_weak_ptr.cc in Sources */ = {isa = PBXBuildFile; fileRef = 6A8C77021A0C328C000925F5 /* cef_weak_ptr.cc */; };
		6A8C77C51A0C328C000925F5 /* app_cpptoc.cc in Sources */ = {isa = PBXBuildFile; fileRef = 6A8C77041A0C328C000925F5 /* app_cpptoc.cc */; };
		6A8C77C61A0C328C000925F5 /* browser_process_handler_cpptoc.cc in Sources */ = {isa = PBXBuildFile; fileRef = 6A8C77071A0C328C000925F5 /* browser_process_handler_cpptoc.cc */; };
		6A8C77C71A0C328C000925F5 /* client_cpptoc.cc in Sources */ = {isa = PBXBuildFile; fileRef = 6A8C77091A0C328C000925F5 /* client_cpptoc.cc */; };
		6A8C77C81A0C328C000925F5 /* completion_callback_cpptoc.cc in Sources */ = {isa = PBXBuildFile; fileRef = 6A8C770B1A0C328C000925F5 /* completion_callback_cpptoc.cc */; };
		6A8C77C91A0C328C000925F5 /* context_menu_handler_cpptoc.cc in Sources */ = {isa = PBXBuildFile; fileRef = 6A8C770D1A0C328C000925F5 /* context_menu_handler_cpptoc.cc */; };
		6A8C77CA1A0C328C000925F5 /* cookie_visitor_cpptoc.cc in Sources */ = {isa = PBXBuildFile; fileRef = 6A8C770F1A0C328C000925F5 /* cookie_visitor_cpptoc.cc */; };
		6A8C77CB1A0C328C000925F5 /* dialog_handler_cpptoc.cc in Sources */ = {isa = PBXBuildFile; fileRef = 6A8C77121A0C328C000925F5 /* dialog_handler_cpptoc.cc */; };
		6A8C77CC1A0C328C000925F5 /* display_handler_cpptoc.cc in Sources */ = {isa = PBXBuildFile; fileRef = 6A8C77141A0C328C000925F5 /* display_handler_cpptoc.cc */; };
		6A8C77CD1A0C328C000925F5 /* domvisitor_cpptoc.cc in Sources */ = {isa = PBXBuildFile; fileRef = 6A8C77161A0C328C000925F5 /* domvisitor_cpptoc.cc */; };
		6A8C77CE1A0C328C000925F5 /* download_handler_cpptoc.cc in Sources */ = {isa = PBXBuildFile; fileRef = 6A8C77181A0C328C000925F5 /* download_handler_cpptoc.cc */; };
		6A8C77CF1A0C328C000925F5 /* drag_handler_cpptoc.cc in Sources */ = {isa = PBXBuildFile; fileRef = 6A8C771A1A0C328C000925F5 /* drag_handler_cpptoc.cc */; };
		6A8C77D01A0C328C000925F5 /* end_tracing_callback_cpptoc.cc in Sources */ = {isa = PBXBuildFile; fileRef = 6A8C771C1A0C328C000925F5 /* end_tracing_callback_cpptoc.cc */; };
		6A8C77D11A0C328C000925F5 /* focus_handler_cpptoc.cc in Sources */ = {isa = PBXBuildFile; fileRef = 6A8C771E1A0C328C000925F5 /* focus_handler_cpptoc.cc */; };
		6A8C77D21A0C328C000925F5 /* geolocation_handler_cpptoc.cc in Sources */ = {isa = PBXBuildFile; fileRef = 6A8C77201A0C328C000925F5 /* geolocation_handler_cpptoc.cc */; };
		6A8C77D31A0C328C000925F5 /* get_geolocation_callback_cpptoc.cc in Sources */ = {isa = PBXBuildFile; fileRef = 6A8C77221A0C328C000925F5 /* get_geolocation_callback_cpptoc.cc */; };
		6A8C77D41A0C328C000925F5 /* jsdialog_handler_cpptoc.cc in Sources */ = {isa = PBXBuildFile; fileRef = 6A8C77241A0C328C000925F5 /* jsdialog_handler_cpptoc.cc */; };
		6A8C77D51A0C328C000925F5 /* keyboard_handler_cpptoc.cc in Sources */ = {isa = PBXBuildFile; fileRef = 6A8C77261A0C328C000925F5 /* keyboard_handler_cpptoc.cc */; };
		6A8C77D61A0C328C000925F5 /* life_span_handler_cpptoc.cc in Sources */ = {isa = PBXBuildFile; fileRef = 6A8C77281A0C328C000925F5 /* life_span_handler_cpptoc.cc */; };
		6A8C77D71A0C328C000925F5 /* load_handler_cpptoc.cc in Sources */ = {isa = PBXBuildFile; fileRef = 6A8C772A1A0C328C000925F5 /* load_handler_cpptoc.cc */; };
		6A8C77D81A0C328C000925F5 /* print_handler_cpptoc.cc in Sources */ = {isa = PBXBuildFile; fileRef = 6A8C772C1A0C328C000925F5 /* print_handler_cpptoc.cc */; };
		6A8C77D91A0C328C000925F5 /* read_handler_cpptoc.cc in Sources */ = {isa = PBXBuildFile; fileRef = 6A8C772E1A0C328C000925F5 /* read_handler_cpptoc.cc */; };
		6A8C77DA1A0C328C000925F5 /* render_handler_cpptoc.cc in Sources */ = {isa = PBXBuildFile; fileRef = 6A8C77301A0C328C000925F5 /* render_handler_cpptoc.cc */; };
		6A8C77DB1A0C328C000925F5 /* render_process_handler_cpptoc.cc in Sources */ = {isa = PBXBuildFile; fileRef = 6A8C77321A0C328C000925F5 /* render_process_handler_cpptoc.cc */; };
		6A8C77DC1A0C328C000925F5 /* request_context_handler_cpptoc.cc in Sources */ = {isa = PBXBuildFile; fileRef = 6A8C77341A0C328C000925F5 /* request_context_handler_cpptoc.cc */; };
		6A8C77DD1A0C328C000925F5 /* request_handler_cpptoc.cc in Sources */ = {isa = PBXBuildFile; fileRef = 6A8C77361A0C328C000925F5 /* request_handler_cpptoc.cc */; };
		6A8C77DE1A0C328C000925F5 /* resource_bundle_handler_cpptoc.cc in Sources */ = {isa = PBXBuildFile; fileRef = 6A8C77381A0C328C000925F5 /* resource_bundle_handler_cpptoc.cc */; };
		6A8C77DF1A0C328C000925F5 /* resource_handler_cpptoc.cc in Sources */ = {isa = PBXBuildFile; fileRef = 6A8C773A1A0C328C000925F5 /* resource_handler_cpptoc.cc */; };
		6A8C77E01A0C328C000925F5 /* run_file_dialog_callback_cpptoc.cc in Sources */ = {isa = PBXBuildFile; fileRef = 6A8C773C1A0C328C000925F5 /* run_file_dialog_callback_cpptoc.cc */; };
		6A8C77E11A0C328C000925F5 /* scheme_handler_factory_cpptoc.cc in Sources */ = {isa = PBXBuildFile; fileRef = 6A8C773E1A0C328C000925F5 /* scheme_handler_factory_cpptoc.cc */; };
		6A8C77E21A0C328C000925F5 /* string_visitor_cpptoc.cc in Sources */ = {isa = PBXBuildFile; fileRef = 6A8C77401A0C328C000925F5 /* string_visitor_cpptoc.cc */; };
		6A8C77E31A0C328C000925F5 /* task_cpptoc.cc in Sources */ = {isa = PBXBuildFile; fileRef = 6A8C77421A0C328C000925F5 /* task_cpptoc.cc */; };
		6A8C77E41A0C328C000925F5 /* urlrequest_client_cpptoc.cc in Sources */ = {isa = PBXBuildFile; fileRef = 6A8C77441A0C328C000925F5 /* urlrequest_client_cpptoc.cc */; };
		6A8C77E51A0C328C000925F5 /* v8accessor_cpptoc.cc in Sources */ = {isa = PBXBuildFile; fileRef = 6A8C77461A0C328C000925F5 /* v8accessor_cpptoc.cc */; };
		6A8C77E61A0C328C000925F5 /* v8handler_cpptoc.cc in Sources */ = {isa = PBXBuildFile; fileRef = 6A8C77481A0C328C000925F5 /* v8handler_cpptoc.cc */; };
		6A8C77E71A0C328C000925F5 /* web_plugin_info_visitor_cpptoc.cc in Sources */ = {isa = PBXBuildFile; fileRef = 6A8C774A1A0C328C000925F5 /* web_plugin_info_visitor_cpptoc.cc */; };
		6A8C77E81A0C328C000925F5 /* web_plugin_unstable_callback_cpptoc.cc in Sources */ = {isa = PBXBuildFile; fileRef = 6A8C774C1A0C328C000925F5 /* web_plugin_unstable_callback_cpptoc.cc */; };
		6A8C77E91A0C328C000925F5 /* write_handler_cpptoc.cc in Sources */ = {isa = PBXBuildFile; fileRef = 6A8C774E1A0C328C000925F5 /* write_handler_cpptoc.cc */; };
		6A8C77EA1A0C328C000925F5 /* allow_certificate_error_callback_ctocpp.cc in Sources */ = {isa = PBXBuildFile; fileRef = 6A8C77511A0C328C000925F5 /* allow_certificate_error_callback_ctocpp.cc */; };
		6A8C77EB1A0C328C000925F5 /* auth_callback_ctocpp.cc in Sources */ = {isa = PBXBuildFile; fileRef = 6A8C77531A0C328C000925F5 /* auth_callback_ctocpp.cc */; };
		6A8C77EC1A0C328C000925F5 /* before_download_callback_ctocpp.cc in Sources */ = {isa = PBXBuildFile; fileRef = 6A8C77561A0C328C000925F5 /* before_download_callback_ctocpp.cc */; };
		6A8C77ED1A0C328C000925F5 /* binary_value_ctocpp.cc in Sources */ = {isa = PBXBuildFile; fileRef = 6A8C77581A0C328C000925F5 /* binary_value_ctocpp.cc */; };
		6A8C77EE1A0C328C000925F5 /* browser_ctocpp.cc in Sources */ = {isa = PBXBuildFile; fileRef = 6A8C775A1A0C328C000925F5 /* browser_ctocpp.cc */; };
		6A8C77EF1A0C328C000925F5 /* browser_host_ctocpp.cc in Sources */ = {isa = PBXBuildFile; fileRef = 6A8C775C1A0C328C000925F5 /* browser_host_ctocpp.cc */; };
		6A8C77F01A0C328C000925F5 /* callback_ctocpp.cc in Sources */ = {isa = PBXBuildFile; fileRef = 6A8C775E1A0C328C000925F5 /* callback_ctocpp.cc */; };
		6A8C77F11A0C328C000925F5 /* command_line_ctocpp.cc in Sources */ = {isa = PBXBuildFile; fileRef = 6A8C77601A0C328C000925F5 /* command_line_ctocpp.cc */; };
		6A8C77F21A0C328C000925F5 /* context_menu_params_ctocpp.cc in Sources */ = {isa = PBXBuildFile; fileRef = 6A8C77621A0C328C000925F5 /* context_menu_params_ctocpp.cc */; };
		6A8C77F31A0C328C000925F5 /* cookie_manager_ctocpp.cc in Sources */ = {isa = PBXBuildFile; fileRef = 6A8C77641A0C328C000925F5 /* cookie_manager_ctocpp.cc */; };
		6A8C77F41A0C328C000925F5 /* dictionary_value_ctocpp.cc in Sources */ = {isa = PBXBuildFile; fileRef = 6A8C77671A0C328C000925F5 /* dictionary_value_ctocpp.cc */; };
		6A8C77F51A0C328C000925F5 /* domdocument_ctocpp.cc in Sources */ = {isa = PBXBuildFile; fileRef = 6A8C77691A0C328C000925F5 /* domdocument_ctocpp.cc */; };
		6A8C77F61A0C328C000925F5 /* domnode_ctocpp.cc in Sources */ = {isa = PBXBuildFile; fileRef = 6A8C776B1A0C328C000925F5 /* domnode_ctocpp.cc */; };
		6A8C77F71A0C328C000925F5 /* download_item_callback_ctocpp.cc in Sources */ = {isa = PBXBuildFile; fileRef = 6A8C776D1A0C328C000925F5 /* download_item_callback_ctocpp.cc */; };
		6A8C77F81A0C328C000925F5 /* download_item_ctocpp.cc in Sources */ = {isa = PBXBuildFile; fileRef = 6A8C776F1A0C328C000925F5 /* download_item_ctocpp.cc */; };
		6A8C77F91A0C328C000925F5 /* drag_data_ctocpp.cc in Sources */ = {isa = PBXBuildFile; fileRef = 6A8C77711A0C328C000925F5 /* drag_data_ctocpp.cc */; };
		6A8C77FA1A0C328C000925F5 /* file_dialog_callback_ctocpp.cc in Sources */ = {isa = PBXBuildFile; fileRef = 6A8C77731A0C328C000925F5 /* file_dialog_callback_ctocpp.cc */; };
		6A8C77FB1A0C328C000925F5 /* frame_ctocpp.cc in Sources */ = {isa = PBXBuildFile; fileRef = 6A8C77751A0C328C000925F5 /* frame_ctocpp.cc */; };
		6A8C77FC1A0C328C000925F5 /* geolocation_callback_ctocpp.cc in Sources */ = {isa = PBXBuildFile; fileRef = 6A8C77771A0C328C000925F5 /* geolocation_callback_ctocpp.cc */; };
		6A8C77FD1A0C328C000925F5 /* jsdialog_callback_ctocpp.cc in Sources */ = {isa = PBXBuildFile; fileRef = 6A8C77791A0C328C000925F5 /* jsdialog_callback_ctocpp.cc */; };
		6A8C77FE1A0C328C000925F5 /* list_value_ctocpp.cc in Sources */ = {isa = PBXBuildFile; fileRef = 6A8C777B1A0C328C000925F5 /* list_value_ctocpp.cc */; };
		6A8C77FF1A0C328C000925F5 /* menu_model_ctocpp.cc in Sources */ = {isa = PBXBuildFile; fileRef = 6A8C777D1A0C328C000925F5 /* menu_model_ctocpp.cc */; };
		6A8C78001A0C328C000925F5 /* post_data_ctocpp.cc in Sources */ = {isa = PBXBuildFile; fileRef = 6A8C777F1A0C328C000925F5 /* post_data_ctocpp.cc */; };
		6A8C78011A0C328C000925F5 /* post_data_element_ctocpp.cc in Sources */ = {isa = PBXBuildFile; fileRef = 6A8C77811A0C328C000925F5 /* post_data_element_ctocpp.cc */; };
		6A8C78021A0C328C000925F5 /* print_dialog_callback_ctocpp.cc in Sources */ = {isa = PBXBuildFile; fileRef = 6A8C77831A0C328C000925F5 /* print_dialog_callback_ctocpp.cc */; };
		6A8C78031A0C328C000925F5 /* print_job_callback_ctocpp.cc in Sources */ = {isa = PBXBuildFile; fileRef = 6A8C77851A0C328C000925F5 /* print_job_callback_ctocpp.cc */; };
		6A8C78041A0C328C000925F5 /* print_settings_ctocpp.cc in Sources */ = {isa = PBXBuildFile; fileRef = 6A8C77871A0C328C000925F5 /* print_settings_ctocpp.cc */; };
		6A8C78051A0C328C000925F5 /* process_message_ctocpp.cc in Sources */ = {isa = PBXBuildFile; fileRef = 6A8C77891A0C328C000925F5 /* process_message_ctocpp.cc */; };
		6A8C78061A0C328C000925F5 /* quota_callback_ctocpp.cc in Sources */ = {isa = PBXBuildFile; fileRef = 6A8C778B1A0C328C000925F5 /* quota_callback_ctocpp.cc */; };
		6A8C78071A0C328C000925F5 /* request_context_ctocpp.cc in Sources */ = {isa = PBXBuildFile; fileRef = 6A8C778D1A0C328C000925F5 /* request_context_ctocpp.cc */; };
		6A8C78081A0C328C000925F5 /* request_ctocpp.cc in Sources */ = {isa = PBXBuildFile; fileRef = 6A8C778F1A0C328C000925F5 /* request_ctocpp.cc */; };
		6A8C78091A0C328C000925F5 /* response_ctocpp.cc in Sources */ = {isa = PBXBuildFile; fileRef = 6A8C77911A0C328C000925F5 /* response_ctocpp.cc */; };
		6A8C780A1A0C328C000925F5 /* scheme_registrar_ctocpp.cc in Sources */ = {isa = PBXBuildFile; fileRef = 6A8C77931A0C328C000925F5 /* scheme_registrar_ctocpp.cc */; };
		6A8C780B1A0C328C000925F5 /* stream_reader_ctocpp.cc in Sources */ = {isa = PBXBuildFile; fileRef = 6A8C77951A0C328C000925F5 /* stream_reader_ctocpp.cc */; };
		6A8C780C1A0C328C000925F5 /* stream_writer_ctocpp.cc in Sources */ = {isa = PBXBuildFile; fileRef = 6A8C77971A0C328C000925F5 /* stream_writer_ctocpp.cc */; };
		6A8C780D1A0C328C000925F5 /* task_runner_ctocpp.cc in Sources */ = {isa = PBXBuildFile; fileRef = 6A8C77991A0C328C000925F5 /* task_runner_ctocpp.cc */; };
		6A8C780E1A0C328C000925F5 /* urlrequest_ctocpp.cc in Sources */ = {isa = PBXBuildFile; fileRef = 6A8C779B1A0C328C000925F5 /* urlrequest_ctocpp.cc */; };
		6A8C780F1A0C328C000925F5 /* v8context_ctocpp.cc in Sources */ = {isa = PBXBuildFile; fileRef = 6A8C779D1A0C328C000925F5 /* v8context_ctocpp.cc */; };
		6A8C78101A0C328C000925F5 /* v8exception_ctocpp.cc in Sources */ = {isa = PBXBuildFile; fileRef = 6A8C779F1A0C328C000925F5 /* v8exception_ctocpp.cc */; };
		6A8C78111A0C328C000925F5 /* v8stack_frame_ctocpp.cc in Sources */ = {isa = PBXBuildFile; fileRef = 6A8C77A11A0C328C000925F5 /* v8stack_frame_ctocpp.cc */; };
		6A8C78121A0C328C000925F5 /* v8stack_trace_ctocpp.cc in Sources */ = {isa = PBXBuildFile; fileRef = 6A8C77A31A0C328C000925F5 /* v8stack_trace_ctocpp.cc */; };
		6A8C78131A0C328C000925F5 /* v8value_ctocpp.cc in Sources */ = {isa = PBXBuildFile; fileRef = 6A8C77A51A0C328C000925F5 /* v8value_ctocpp.cc */; };
		6A8C78141A0C328C000925F5 /* web_plugin_info_ctocpp.cc in Sources */ = {isa = PBXBuildFile; fileRef = 6A8C77A71A0C328C000925F5 /* web_plugin_info_ctocpp.cc */; };
		6A8C78151A0C328C000925F5 /* xml_reader_ctocpp.cc in Sources */ = {isa = PBXBuildFile; fileRef = 6A8C77A91A0C328C000925F5 /* xml_reader_ctocpp.cc */; };
		6A8C78161A0C328C000925F5 /* zip_reader_ctocpp.cc in Sources */ = {isa = PBXBuildFile; fileRef = 6A8C77AB1A0C328C000925F5 /* zip_reader_ctocpp.cc */; };
		6A8C78171A0C328C000925F5 /* transfer_util.cpp in Sources */ = {isa = PBXBuildFile; fileRef = 6A8C77AD1A0C328C000925F5 /* transfer_util.cpp */; };
		6A8C78181A0C328C000925F5 /* cef_byte_read_handler.cc in Sources */ = {isa = PBXBuildFile; fileRef = 6A8C77B11A0C328C000925F5 /* cef_byte_read_handler.cc */; };
		6A8C78191A0C328C000925F5 /* cef_closure_task.cc in Sources */ = {isa = PBXBuildFile; fileRef = 6A8C77B21A0C328C000925F5 /* cef_closure_task.cc */; };
		6A8C781A1A0C328C000925F5 /* cef_message_router.cc in Sources */ = {isa = PBXBuildFile; fileRef = 6A8C77B31A0C328C000925F5 /* cef_message_router.cc */; };
		6A8C781B1A0C328C000925F5 /* cef_stream_resource_handler.cc in Sources */ = {isa = PBXBuildFile; fileRef = 6A8C77B41A0C328C000925F5 /* cef_stream_resource_handler.cc */; };
		6A8C781C1A0C328C000925F5 /* cef_xml_object.cc in Sources */ = {isa = PBXBuildFile; fileRef = 6A8C77B51A0C328C000925F5 /* cef_xml_object.cc */; };
		6A8C781D1A0C328C000925F5 /* cef_zip_archive.cc in Sources */ = {isa = PBXBuildFile; fileRef = 6A8C77B61A0C328C000925F5 /* cef_zip_archive.cc */; };
		6A8C781E1A0C328C000925F5 /* libcef_dll_wrapper.cc in Sources */ = {isa = PBXBuildFile; fileRef = 6A8C77B71A0C328C000925F5 /* libcef_dll_wrapper.cc */; };
		6A8C781F1A0C328C000925F5 /* libcef_dll_wrapper2.cc in Sources */ = {isa = PBXBuildFile; fileRef = 6A8C77B81A0C328C000925F5 /* libcef_dll_wrapper2.cc */; };
		6A8C78221A0C36B2000925F5 /* Chromium Embedded Framework.framework in CopyFiles */ = {isa = PBXBuildFile; fileRef = 6A8C76F31A0C3218000925F5 /* Chromium Embedded Framework.framework */; };
		6A8C78251A0C40C6000925F5 /* MSCEFClient.mm in Sources */ = {isa = PBXBuildFile; fileRef = 6A8C78231A0C40C6000925F5 /* MSCEFClient.mm */; };
/* End PBXBuildFile section */

/* Begin PBXContainerItemProxy section */
		6A8C76DC1A0C06EE000925F5 /* PBXContainerItemProxy */ = {
			isa = PBXContainerItemProxy;
			containerPortal = 6A8C76AF1A0C06EE000925F5 /* Project object */;
			proxyType = 1;
			remoteGlobalIDString = 6A8C76B61A0C06EE000925F5;
			remoteInfo = MiniServo;
		};
/* End PBXContainerItemProxy section */

/* Begin PBXCopyFilesBuildPhase section */
		6A8C78211A0C36AA000925F5 /* CopyFiles */ = {
			isa = PBXCopyFilesBuildPhase;
			buildActionMask = 2147483647;
			dstPath = "";
			dstSubfolderSpec = 10;
			files = (
				6A8C78221A0C36B2000925F5 /* Chromium Embedded Framework.framework in CopyFiles */,
			);
			runOnlyForDeploymentPostprocessing = 0;
		};
/* End PBXCopyFilesBuildPhase section */

/* Begin PBXFileReference section */
		6A8C76B71A0C06EE000925F5 /* MiniServo.app */ = {isa = PBXFileReference; explicitFileType = wrapper.application; includeInIndex = 0; path = MiniServo.app; sourceTree = BUILT_PRODUCTS_DIR; };
		6A8C76BA1A0C06EE000925F5 /* Cocoa.framework */ = {isa = PBXFileReference; lastKnownFileType = wrapper.framework; name = Cocoa.framework; path = System/Library/Frameworks/Cocoa.framework; sourceTree = SDKROOT; };
		6A8C76BD1A0C06EE000925F5 /* AppKit.framework */ = {isa = PBXFileReference; lastKnownFileType = wrapper.framework; name = AppKit.framework; path = System/Library/Frameworks/AppKit.framework; sourceTree = SDKROOT; };
		6A8C76BE1A0C06EE000925F5 /* CoreData.framework */ = {isa = PBXFileReference; lastKnownFileType = wrapper.framework; name = CoreData.framework; path = System/Library/Frameworks/CoreData.framework; sourceTree = SDKROOT; };
		6A8C76BF1A0C06EE000925F5 /* Foundation.framework */ = {isa = PBXFileReference; lastKnownFileType = wrapper.framework; name = Foundation.framework; path = System/Library/Frameworks/Foundation.framework; sourceTree = SDKROOT; };
		6A8C76C21A0C06EE000925F5 /* MiniServo-Info.plist */ = {isa = PBXFileReference; lastKnownFileType = text.plist.xml; path = "MiniServo-Info.plist"; sourceTree = "<group>"; };
		6A8C76C41A0C06EE000925F5 /* en */ = {isa = PBXFileReference; lastKnownFileType = text.plist.strings; name = en; path = en.lproj/InfoPlist.strings; sourceTree = "<group>"; };
		6A8C76C61A0C06EE000925F5 /* main.m */ = {isa = PBXFileReference; lastKnownFileType = sourcecode.c.objc; path = main.m; sourceTree = "<group>"; };
		6A8C76C81A0C06EE000925F5 /* MiniServo-Prefix.pch */ = {isa = PBXFileReference; lastKnownFileType = sourcecode.c.h; path = "MiniServo-Prefix.pch"; sourceTree = "<group>"; };
		6A8C76CA1A0C06EE000925F5 /* en */ = {isa = PBXFileReference; lastKnownFileType = text.rtf; name = en; path = en.lproj/Credits.rtf; sourceTree = "<group>"; };
		6A8C76CC1A0C06EE000925F5 /* MSAppDelegate.h */ = {isa = PBXFileReference; lastKnownFileType = sourcecode.c.h; path = MSAppDelegate.h; sourceTree = "<group>"; };
		6A8C76D01A0C06EE000925F5 /* Base */ = {isa = PBXFileReference; lastKnownFileType = file.xib; name = Base; path = Base.lproj/MainMenu.xib; sourceTree = "<group>"; };
		6A8C76D21A0C06EE000925F5 /* Images.xcassets */ = {isa = PBXFileReference; lastKnownFileType = folder.assetcatalog; path = Images.xcassets; sourceTree = "<group>"; };
		6A8C76D81A0C06EE000925F5 /* MiniServoTests.xctest */ = {isa = PBXFileReference; explicitFileType = wrapper.cfbundle; includeInIndex = 0; path = MiniServoTests.xctest; sourceTree = BUILT_PRODUCTS_DIR; };
		6A8C76D91A0C06EE000925F5 /* XCTest.framework */ = {isa = PBXFileReference; lastKnownFileType = wrapper.framework; name = XCTest.framework; path = Library/Frameworks/XCTest.framework; sourceTree = DEVELOPER_DIR; };
		6A8C76E01A0C06EE000925F5 /* MiniServoTests-Info.plist */ = {isa = PBXFileReference; lastKnownFileType = text.plist.xml; path = "MiniServoTests-Info.plist"; sourceTree = "<group>"; };
		6A8C76E21A0C06EE000925F5 /* en */ = {isa = PBXFileReference; lastKnownFileType = text.plist.strings; name = en; path = en.lproj/InfoPlist.strings; sourceTree = "<group>"; };
		6A8C76E41A0C06EE000925F5 /* MiniServoTests.m */ = {isa = PBXFileReference; lastKnownFileType = sourcecode.c.objc; path = MiniServoTests.m; sourceTree = "<group>"; };
		6A8C76EE1A0C2C83000925F5 /* MSView.h */ = {isa = PBXFileReference; fileEncoding = 4; lastKnownFileType = sourcecode.c.h; path = MSView.h; sourceTree = "<group>"; };
		6A8C76EF1A0C2C83000925F5 /* MSView.mm */ = {isa = PBXFileReference; fileEncoding = 4; lastKnownFileType = sourcecode.cpp.objcpp; path = MSView.mm; sourceTree = "<group>"; };
		6A8C76F11A0C2F97000925F5 /* MSAppDelegate.mm */ = {isa = PBXFileReference; fileEncoding = 4; lastKnownFileType = sourcecode.cpp.objcpp; path = MSAppDelegate.mm; sourceTree = "<group>"; };
		6A8C76F31A0C3218000925F5 /* Chromium Embedded Framework.framework */ = {isa = PBXFileReference; lastKnownFileType = wrapper.framework; name = "Chromium Embedded Framework.framework"; path = "../../../../cef_binary_3.2171.1879_macosx64/Debug/Chromium Embedded Framework.framework"; sourceTree = "<group>"; };
		6A8C76F71A0C328C000925F5 /* cef_atomicops_x86_gcc.cc */ = {isa = PBXFileReference; fileEncoding = 4; lastKnownFileType = sourcecode.cpp.cpp; path = cef_atomicops_x86_gcc.cc; sourceTree = "<group>"; };
		6A8C76F81A0C328C000925F5 /* cef_bind_helpers.cc */ = {isa = PBXFileReference; fileEncoding = 4; lastKnownFileType = sourcecode.cpp.cpp; path = cef_bind_helpers.cc; sourceTree = "<group>"; };
		6A8C76F91A0C328C000925F5 /* cef_callback_helpers.cc */ = {isa = PBXFileReference; fileEncoding = 4; lastKnownFileType = sourcecode.cpp.cpp; path = cef_callback_helpers.cc; sourceTree = "<group>"; };
		6A8C76FA1A0C328C000925F5 /* cef_callback_internal.cc */ = {isa = PBXFileReference; fileEncoding = 4; lastKnownFileType = sourcecode.cpp.cpp; path = cef_callback_internal.cc; sourceTree = "<group>"; };
		6A8C76FB1A0C328C000925F5 /* cef_lock.cc */ = {isa = PBXFileReference; fileEncoding = 4; lastKnownFileType = sourcecode.cpp.cpp; path = cef_lock.cc; sourceTree = "<group>"; };
		6A8C76FC1A0C328C000925F5 /* cef_lock_impl.cc */ = {isa = PBXFileReference; fileEncoding = 4; lastKnownFileType = sourcecode.cpp.cpp; path = cef_lock_impl.cc; sourceTree = "<group>"; };
		6A8C76FD1A0C328C000925F5 /* cef_logging.cc */ = {isa = PBXFileReference; fileEncoding = 4; lastKnownFileType = sourcecode.cpp.cpp; path = cef_logging.cc; sourceTree = "<group>"; };
		6A8C76FE1A0C328C000925F5 /* cef_ref_counted.cc */ = {isa = PBXFileReference; fileEncoding = 4; lastKnownFileType = sourcecode.cpp.cpp; path = cef_ref_counted.cc; sourceTree = "<group>"; };
		6A8C76FF1A0C328C000925F5 /* cef_string16.cc */ = {isa = PBXFileReference; fileEncoding = 4; lastKnownFileType = sourcecode.cpp.cpp; path = cef_string16.cc; sourceTree = "<group>"; };
		6A8C77001A0C328C000925F5 /* cef_thread_checker_impl.cc */ = {isa = PBXFileReference; fileEncoding = 4; lastKnownFileType = sourcecode.cpp.cpp; path = cef_thread_checker_impl.cc; sourceTree = "<group>"; };
		6A8C77011A0C328C000925F5 /* cef_thread_collision_warner.cc */ = {isa = PBXFileReference; fileEncoding = 4; lastKnownFileType = sourcecode.cpp.cpp; path = cef_thread_collision_warner.cc; sourceTree = "<group>"; };
		6A8C77021A0C328C000925F5 /* cef_weak_ptr.cc */ = {isa = PBXFileReference; fileEncoding = 4; lastKnownFileType = sourcecode.cpp.cpp; path = cef_weak_ptr.cc; sourceTree = "<group>"; };
		6A8C77041A0C328C000925F5 /* app_cpptoc.cc */ = {isa = PBXFileReference; fileEncoding = 4; lastKnownFileType = sourcecode.cpp.cpp; path = app_cpptoc.cc; sourceTree = "<group>"; };
		6A8C77051A0C328C000925F5 /* app_cpptoc.h */ = {isa = PBXFileReference; fileEncoding = 4; lastKnownFileType = sourcecode.c.h; path = app_cpptoc.h; sourceTree = "<group>"; };
		6A8C77061A0C328C000925F5 /* base_cpptoc.h */ = {isa = PBXFileReference; fileEncoding = 4; lastKnownFileType = sourcecode.c.h; path = base_cpptoc.h; sourceTree = "<group>"; };
		6A8C77071A0C328C000925F5 /* browser_process_handler_cpptoc.cc */ = {isa = PBXFileReference; fileEncoding = 4; lastKnownFileType = sourcecode.cpp.cpp; path = browser_process_handler_cpptoc.cc; sourceTree = "<group>"; };
		6A8C77081A0C328C000925F5 /* browser_process_handler_cpptoc.h */ = {isa = PBXFileReference; fileEncoding = 4; lastKnownFileType = sourcecode.c.h; path = browser_process_handler_cpptoc.h; sourceTree = "<group>"; };
		6A8C77091A0C328C000925F5 /* client_cpptoc.cc */ = {isa = PBXFileReference; fileEncoding = 4; lastKnownFileType = sourcecode.cpp.cpp; path = client_cpptoc.cc; sourceTree = "<group>"; };
		6A8C770A1A0C328C000925F5 /* client_cpptoc.h */ = {isa = PBXFileReference; fileEncoding = 4; lastKnownFileType = sourcecode.c.h; path = client_cpptoc.h; sourceTree = "<group>"; };
		6A8C770B1A0C328C000925F5 /* completion_callback_cpptoc.cc */ = {isa = PBXFileReference; fileEncoding = 4; lastKnownFileType = sourcecode.cpp.cpp; path = completion_callback_cpptoc.cc; sourceTree = "<group>"; };
		6A8C770C1A0C328C000925F5 /* completion_callback_cpptoc.h */ = {isa = PBXFileReference; fileEncoding = 4; lastKnownFileType = sourcecode.c.h; path = completion_callback_cpptoc.h; sourceTree = "<group>"; };
		6A8C770D1A0C328C000925F5 /* context_menu_handler_cpptoc.cc */ = {isa = PBXFileReference; fileEncoding = 4; lastKnownFileType = sourcecode.cpp.cpp; path = context_menu_handler_cpptoc.cc; sourceTree = "<group>"; };
		6A8C770E1A0C328C000925F5 /* context_menu_handler_cpptoc.h */ = {isa = PBXFileReference; fileEncoding = 4; lastKnownFileType = sourcecode.c.h; path = context_menu_handler_cpptoc.h; sourceTree = "<group>"; };
		6A8C770F1A0C328C000925F5 /* cookie_visitor_cpptoc.cc */ = {isa = PBXFileReference; fileEncoding = 4; lastKnownFileType = sourcecode.cpp.cpp; path = cookie_visitor_cpptoc.cc; sourceTree = "<group>"; };
		6A8C77101A0C328C000925F5 /* cookie_visitor_cpptoc.h */ = {isa = PBXFileReference; fileEncoding = 4; lastKnownFileType = sourcecode.c.h; path = cookie_visitor_cpptoc.h; sourceTree = "<group>"; };
		6A8C77111A0C328C000925F5 /* cpptoc.h */ = {isa = PBXFileReference; fileEncoding = 4; lastKnownFileType = sourcecode.c.h; path = cpptoc.h; sourceTree = "<group>"; };
		6A8C77121A0C328C000925F5 /* dialog_handler_cpptoc.cc */ = {isa = PBXFileReference; fileEncoding = 4; lastKnownFileType = sourcecode.cpp.cpp; path = dialog_handler_cpptoc.cc; sourceTree = "<group>"; };
		6A8C77131A0C328C000925F5 /* dialog_handler_cpptoc.h */ = {isa = PBXFileReference; fileEncoding = 4; lastKnownFileType = sourcecode.c.h; path = dialog_handler_cpptoc.h; sourceTree = "<group>"; };
		6A8C77141A0C328C000925F5 /* display_handler_cpptoc.cc */ = {isa = PBXFileReference; fileEncoding = 4; lastKnownFileType = sourcecode.cpp.cpp; path = display_handler_cpptoc.cc; sourceTree = "<group>"; };
		6A8C77151A0C328C000925F5 /* display_handler_cpptoc.h */ = {isa = PBXFileReference; fileEncoding = 4; lastKnownFileType = sourcecode.c.h; path = display_handler_cpptoc.h; sourceTree = "<group>"; };
		6A8C77161A0C328C000925F5 /* domvisitor_cpptoc.cc */ = {isa = PBXFileReference; fileEncoding = 4; lastKnownFileType = sourcecode.cpp.cpp; path = domvisitor_cpptoc.cc; sourceTree = "<group>"; };
		6A8C77171A0C328C000925F5 /* domvisitor_cpptoc.h */ = {isa = PBXFileReference; fileEncoding = 4; lastKnownFileType = sourcecode.c.h; path = domvisitor_cpptoc.h; sourceTree = "<group>"; };
		6A8C77181A0C328C000925F5 /* download_handler_cpptoc.cc */ = {isa = PBXFileReference; fileEncoding = 4; lastKnownFileType = sourcecode.cpp.cpp; path = download_handler_cpptoc.cc; sourceTree = "<group>"; };
		6A8C77191A0C328C000925F5 /* download_handler_cpptoc.h */ = {isa = PBXFileReference; fileEncoding = 4; lastKnownFileType = sourcecode.c.h; path = download_handler_cpptoc.h; sourceTree = "<group>"; };
		6A8C771A1A0C328C000925F5 /* drag_handler_cpptoc.cc */ = {isa = PBXFileReference; fileEncoding = 4; lastKnownFileType = sourcecode.cpp.cpp; path = drag_handler_cpptoc.cc; sourceTree = "<group>"; };
		6A8C771B1A0C328C000925F5 /* drag_handler_cpptoc.h */ = {isa = PBXFileReference; fileEncoding = 4; lastKnownFileType = sourcecode.c.h; path = drag_handler_cpptoc.h; sourceTree = "<group>"; };
		6A8C771C1A0C328C000925F5 /* end_tracing_callback_cpptoc.cc */ = {isa = PBXFileReference; fileEncoding = 4; lastKnownFileType = sourcecode.cpp.cpp; path = end_tracing_callback_cpptoc.cc; sourceTree = "<group>"; };
		6A8C771D1A0C328C000925F5 /* end_tracing_callback_cpptoc.h */ = {isa = PBXFileReference; fileEncoding = 4; lastKnownFileType = sourcecode.c.h; path = end_tracing_callback_cpptoc.h; sourceTree = "<group>"; };
		6A8C771E1A0C328C000925F5 /* focus_handler_cpptoc.cc */ = {isa = PBXFileReference; fileEncoding = 4; lastKnownFileType = sourcecode.cpp.cpp; path = focus_handler_cpptoc.cc; sourceTree = "<group>"; };
		6A8C771F1A0C328C000925F5 /* focus_handler_cpptoc.h */ = {isa = PBXFileReference; fileEncoding = 4; lastKnownFileType = sourcecode.c.h; path = focus_handler_cpptoc.h; sourceTree = "<group>"; };
		6A8C77201A0C328C000925F5 /* geolocation_handler_cpptoc.cc */ = {isa = PBXFileReference; fileEncoding = 4; lastKnownFileType = sourcecode.cpp.cpp; path = geolocation_handler_cpptoc.cc; sourceTree = "<group>"; };
		6A8C77211A0C328C000925F5 /* geolocation_handler_cpptoc.h */ = {isa = PBXFileReference; fileEncoding = 4; lastKnownFileType = sourcecode.c.h; path = geolocation_handler_cpptoc.h; sourceTree = "<group>"; };
		6A8C77221A0C328C000925F5 /* get_geolocation_callback_cpptoc.cc */ = {isa = PBXFileReference; fileEncoding = 4; lastKnownFileType = sourcecode.cpp.cpp; path = get_geolocation_callback_cpptoc.cc; sourceTree = "<group>"; };
		6A8C77231A0C328C000925F5 /* get_geolocation_callback_cpptoc.h */ = {isa = PBXFileReference; fileEncoding = 4; lastKnownFileType = sourcecode.c.h; path = get_geolocation_callback_cpptoc.h; sourceTree = "<group>"; };
		6A8C77241A0C328C000925F5 /* jsdialog_handler_cpptoc.cc */ = {isa = PBXFileReference; fileEncoding = 4; lastKnownFileType = sourcecode.cpp.cpp; path = jsdialog_handler_cpptoc.cc; sourceTree = "<group>"; };
		6A8C77251A0C328C000925F5 /* jsdialog_handler_cpptoc.h */ = {isa = PBXFileReference; fileEncoding = 4; lastKnownFileType = sourcecode.c.h; path = jsdialog_handler_cpptoc.h; sourceTree = "<group>"; };
		6A8C77261A0C328C000925F5 /* keyboard_handler_cpptoc.cc */ = {isa = PBXFileReference; fileEncoding = 4; lastKnownFileType = sourcecode.cpp.cpp; path = keyboard_handler_cpptoc.cc; sourceTree = "<group>"; };
		6A8C77271A0C328C000925F5 /* keyboard_handler_cpptoc.h */ = {isa = PBXFileReference; fileEncoding = 4; lastKnownFileType = sourcecode.c.h; path = keyboard_handler_cpptoc.h; sourceTree = "<group>"; };
		6A8C77281A0C328C000925F5 /* life_span_handler_cpptoc.cc */ = {isa = PBXFileReference; fileEncoding = 4; lastKnownFileType = sourcecode.cpp.cpp; path = life_span_handler_cpptoc.cc; sourceTree = "<group>"; };
		6A8C77291A0C328C000925F5 /* life_span_handler_cpptoc.h */ = {isa = PBXFileReference; fileEncoding = 4; lastKnownFileType = sourcecode.c.h; path = life_span_handler_cpptoc.h; sourceTree = "<group>"; };
		6A8C772A1A0C328C000925F5 /* load_handler_cpptoc.cc */ = {isa = PBXFileReference; fileEncoding = 4; lastKnownFileType = sourcecode.cpp.cpp; path = load_handler_cpptoc.cc; sourceTree = "<group>"; };
		6A8C772B1A0C328C000925F5 /* load_handler_cpptoc.h */ = {isa = PBXFileReference; fileEncoding = 4; lastKnownFileType = sourcecode.c.h; path = load_handler_cpptoc.h; sourceTree = "<group>"; };
		6A8C772C1A0C328C000925F5 /* print_handler_cpptoc.cc */ = {isa = PBXFileReference; fileEncoding = 4; lastKnownFileType = sourcecode.cpp.cpp; path = print_handler_cpptoc.cc; sourceTree = "<group>"; };
		6A8C772D1A0C328C000925F5 /* print_handler_cpptoc.h */ = {isa = PBXFileReference; fileEncoding = 4; lastKnownFileType = sourcecode.c.h; path = print_handler_cpptoc.h; sourceTree = "<group>"; };
		6A8C772E1A0C328C000925F5 /* read_handler_cpptoc.cc */ = {isa = PBXFileReference; fileEncoding = 4; lastKnownFileType = sourcecode.cpp.cpp; path = read_handler_cpptoc.cc; sourceTree = "<group>"; };
		6A8C772F1A0C328C000925F5 /* read_handler_cpptoc.h */ = {isa = PBXFileReference; fileEncoding = 4; lastKnownFileType = sourcecode.c.h; path = read_handler_cpptoc.h; sourceTree = "<group>"; };
		6A8C77301A0C328C000925F5 /* render_handler_cpptoc.cc */ = {isa = PBXFileReference; fileEncoding = 4; lastKnownFileType = sourcecode.cpp.cpp; path = render_handler_cpptoc.cc; sourceTree = "<group>"; };
		6A8C77311A0C328C000925F5 /* render_handler_cpptoc.h */ = {isa = PBXFileReference; fileEncoding = 4; lastKnownFileType = sourcecode.c.h; path = render_handler_cpptoc.h; sourceTree = "<group>"; };
		6A8C77321A0C328C000925F5 /* render_process_handler_cpptoc.cc */ = {isa = PBXFileReference; fileEncoding = 4; lastKnownFileType = sourcecode.cpp.cpp; path = render_process_handler_cpptoc.cc; sourceTree = "<group>"; };
		6A8C77331A0C328C000925F5 /* render_process_handler_cpptoc.h */ = {isa = PBXFileReference; fileEncoding = 4; lastKnownFileType = sourcecode.c.h; path = render_process_handler_cpptoc.h; sourceTree = "<group>"; };
		6A8C77341A0C328C000925F5 /* request_context_handler_cpptoc.cc */ = {isa = PBXFileReference; fileEncoding = 4; lastKnownFileType = sourcecode.cpp.cpp; path = request_context_handler_cpptoc.cc; sourceTree = "<group>"; };
		6A8C77351A0C328C000925F5 /* request_context_handler_cpptoc.h */ = {isa = PBXFileReference; fileEncoding = 4; lastKnownFileType = sourcecode.c.h; path = request_context_handler_cpptoc.h; sourceTree = "<group>"; };
		6A8C77361A0C328C000925F5 /* request_handler_cpptoc.cc */ = {isa = PBXFileReference; fileEncoding = 4; lastKnownFileType = sourcecode.cpp.cpp; path = request_handler_cpptoc.cc; sourceTree = "<group>"; };
		6A8C77371A0C328C000925F5 /* request_handler_cpptoc.h */ = {isa = PBXFileReference; fileEncoding = 4; lastKnownFileType = sourcecode.c.h; path = request_handler_cpptoc.h; sourceTree = "<group>"; };
		6A8C77381A0C328C000925F5 /* resource_bundle_handler_cpptoc.cc */ = {isa = PBXFileReference; fileEncoding = 4; lastKnownFileType = sourcecode.cpp.cpp; path = resource_bundle_handler_cpptoc.cc; sourceTree = "<group>"; };
		6A8C77391A0C328C000925F5 /* resource_bundle_handler_cpptoc.h */ = {isa = PBXFileReference; fileEncoding = 4; lastKnownFileType = sourcecode.c.h; path = resource_bundle_handler_cpptoc.h; sourceTree = "<group>"; };
		6A8C773A1A0C328C000925F5 /* resource_handler_cpptoc.cc */ = {isa = PBXFileReference; fileEncoding = 4; lastKnownFileType = sourcecode.cpp.cpp; path = resource_handler_cpptoc.cc; sourceTree = "<group>"; };
		6A8C773B1A0C328C000925F5 /* resource_handler_cpptoc.h */ = {isa = PBXFileReference; fileEncoding = 4; lastKnownFileType = sourcecode.c.h; path = resource_handler_cpptoc.h; sourceTree = "<group>"; };
		6A8C773C1A0C328C000925F5 /* run_file_dialog_callback_cpptoc.cc */ = {isa = PBXFileReference; fileEncoding = 4; lastKnownFileType = sourcecode.cpp.cpp; path = run_file_dialog_callback_cpptoc.cc; sourceTree = "<group>"; };
		6A8C773D1A0C328C000925F5 /* run_file_dialog_callback_cpptoc.h */ = {isa = PBXFileReference; fileEncoding = 4; lastKnownFileType = sourcecode.c.h; path = run_file_dialog_callback_cpptoc.h; sourceTree = "<group>"; };
		6A8C773E1A0C328C000925F5 /* scheme_handler_factory_cpptoc.cc */ = {isa = PBXFileReference; fileEncoding = 4; lastKnownFileType = sourcecode.cpp.cpp; path = scheme_handler_factory_cpptoc.cc; sourceTree = "<group>"; };
		6A8C773F1A0C328C000925F5 /* scheme_handler_factory_cpptoc.h */ = {isa = PBXFileReference; fileEncoding = 4; lastKnownFileType = sourcecode.c.h; path = scheme_handler_factory_cpptoc.h; sourceTree = "<group>"; };
		6A8C77401A0C328C000925F5 /* string_visitor_cpptoc.cc */ = {isa = PBXFileReference; fileEncoding = 4; lastKnownFileType = sourcecode.cpp.cpp; path = string_visitor_cpptoc.cc; sourceTree = "<group>"; };
		6A8C77411A0C328C000925F5 /* string_visitor_cpptoc.h */ = {isa = PBXFileReference; fileEncoding = 4; lastKnownFileType = sourcecode.c.h; path = string_visitor_cpptoc.h; sourceTree = "<group>"; };
		6A8C77421A0C328C000925F5 /* task_cpptoc.cc */ = {isa = PBXFileReference; fileEncoding = 4; lastKnownFileType = sourcecode.cpp.cpp; path = task_cpptoc.cc; sourceTree = "<group>"; };
		6A8C77431A0C328C000925F5 /* task_cpptoc.h */ = {isa = PBXFileReference; fileEncoding = 4; lastKnownFileType = sourcecode.c.h; path = task_cpptoc.h; sourceTree = "<group>"; };
		6A8C77441A0C328C000925F5 /* urlrequest_client_cpptoc.cc */ = {isa = PBXFileReference; fileEncoding = 4; lastKnownFileType = sourcecode.cpp.cpp; path = urlrequest_client_cpptoc.cc; sourceTree = "<group>"; };
		6A8C77451A0C328C000925F5 /* urlrequest_client_cpptoc.h */ = {isa = PBXFileReference; fileEncoding = 4; lastKnownFileType = sourcecode.c.h; path = urlrequest_client_cpptoc.h; sourceTree = "<group>"; };
		6A8C77461A0C328C000925F5 /* v8accessor_cpptoc.cc */ = {isa = PBXFileReference; fileEncoding = 4; lastKnownFileType = sourcecode.cpp.cpp; path = v8accessor_cpptoc.cc; sourceTree = "<group>"; };
		6A8C77471A0C328C000925F5 /* v8accessor_cpptoc.h */ = {isa = PBXFileReference; fileEncoding = 4; lastKnownFileType = sourcecode.c.h; path = v8accessor_cpptoc.h; sourceTree = "<group>"; };
		6A8C77481A0C328C000925F5 /* v8handler_cpptoc.cc */ = {isa = PBXFileReference; fileEncoding = 4; lastKnownFileType = sourcecode.cpp.cpp; path = v8handler_cpptoc.cc; sourceTree = "<group>"; };
		6A8C77491A0C328C000925F5 /* v8handler_cpptoc.h */ = {isa = PBXFileReference; fileEncoding = 4; lastKnownFileType = sourcecode.c.h; path = v8handler_cpptoc.h; sourceTree = "<group>"; };
		6A8C774A1A0C328C000925F5 /* web_plugin_info_visitor_cpptoc.cc */ = {isa = PBXFileReference; fileEncoding = 4; lastKnownFileType = sourcecode.cpp.cpp; path = web_plugin_info_visitor_cpptoc.cc; sourceTree = "<group>"; };
		6A8C774B1A0C328C000925F5 /* web_plugin_info_visitor_cpptoc.h */ = {isa = PBXFileReference; fileEncoding = 4; lastKnownFileType = sourcecode.c.h; path = web_plugin_info_visitor_cpptoc.h; sourceTree = "<group>"; };
		6A8C774C1A0C328C000925F5 /* web_plugin_unstable_callback_cpptoc.cc */ = {isa = PBXFileReference; fileEncoding = 4; lastKnownFileType = sourcecode.cpp.cpp; path = web_plugin_unstable_callback_cpptoc.cc; sourceTree = "<group>"; };
		6A8C774D1A0C328C000925F5 /* web_plugin_unstable_callback_cpptoc.h */ = {isa = PBXFileReference; fileEncoding = 4; lastKnownFileType = sourcecode.c.h; path = web_plugin_unstable_callback_cpptoc.h; sourceTree = "<group>"; };
		6A8C774E1A0C328C000925F5 /* write_handler_cpptoc.cc */ = {isa = PBXFileReference; fileEncoding = 4; lastKnownFileType = sourcecode.cpp.cpp; path = write_handler_cpptoc.cc; sourceTree = "<group>"; };
		6A8C774F1A0C328C000925F5 /* write_handler_cpptoc.h */ = {isa = PBXFileReference; fileEncoding = 4; lastKnownFileType = sourcecode.c.h; path = write_handler_cpptoc.h; sourceTree = "<group>"; };
		6A8C77511A0C328C000925F5 /* allow_certificate_error_callback_ctocpp.cc */ = {isa = PBXFileReference; fileEncoding = 4; lastKnownFileType = sourcecode.cpp.cpp; path = allow_certificate_error_callback_ctocpp.cc; sourceTree = "<group>"; };
		6A8C77521A0C328C000925F5 /* allow_certificate_error_callback_ctocpp.h */ = {isa = PBXFileReference; fileEncoding = 4; lastKnownFileType = sourcecode.c.h; path = allow_certificate_error_callback_ctocpp.h; sourceTree = "<group>"; };
		6A8C77531A0C328C000925F5 /* auth_callback_ctocpp.cc */ = {isa = PBXFileReference; fileEncoding = 4; lastKnownFileType = sourcecode.cpp.cpp; path = auth_callback_ctocpp.cc; sourceTree = "<group>"; };
		6A8C77541A0C328C000925F5 /* auth_callback_ctocpp.h */ = {isa = PBXFileReference; fileEncoding = 4; lastKnownFileType = sourcecode.c.h; path = auth_callback_ctocpp.h; sourceTree = "<group>"; };
		6A8C77551A0C328C000925F5 /* base_ctocpp.h */ = {isa = PBXFileReference; fileEncoding = 4; lastKnownFileType = sourcecode.c.h; path = base_ctocpp.h; sourceTree = "<group>"; };
		6A8C77561A0C328C000925F5 /* before_download_callback_ctocpp.cc */ = {isa = PBXFileReference; fileEncoding = 4; lastKnownFileType = sourcecode.cpp.cpp; path = before_download_callback_ctocpp.cc; sourceTree = "<group>"; };
		6A8C77571A0C328C000925F5 /* before_download_callback_ctocpp.h */ = {isa = PBXFileReference; fileEncoding = 4; lastKnownFileType = sourcecode.c.h; path = before_download_callback_ctocpp.h; sourceTree = "<group>"; };
		6A8C77581A0C328C000925F5 /* binary_value_ctocpp.cc */ = {isa = PBXFileReference; fileEncoding = 4; lastKnownFileType = sourcecode.cpp.cpp; path = binary_value_ctocpp.cc; sourceTree = "<group>"; };
		6A8C77591A0C328C000925F5 /* binary_value_ctocpp.h */ = {isa = PBXFileReference; fileEncoding = 4; lastKnownFileType = sourcecode.c.h; path = binary_value_ctocpp.h; sourceTree = "<group>"; };
		6A8C775A1A0C328C000925F5 /* browser_ctocpp.cc */ = {isa = PBXFileReference; fileEncoding = 4; lastKnownFileType = sourcecode.cpp.cpp; path = browser_ctocpp.cc; sourceTree = "<group>"; };
		6A8C775B1A0C328C000925F5 /* browser_ctocpp.h */ = {isa = PBXFileReference; fileEncoding = 4; lastKnownFileType = sourcecode.c.h; path = browser_ctocpp.h; sourceTree = "<group>"; };
		6A8C775C1A0C328C000925F5 /* browser_host_ctocpp.cc */ = {isa = PBXFileReference; fileEncoding = 4; lastKnownFileType = sourcecode.cpp.cpp; path = browser_host_ctocpp.cc; sourceTree = "<group>"; };
		6A8C775D1A0C328C000925F5 /* browser_host_ctocpp.h */ = {isa = PBXFileReference; fileEncoding = 4; lastKnownFileType = sourcecode.c.h; path = browser_host_ctocpp.h; sourceTree = "<group>"; };
		6A8C775E1A0C328C000925F5 /* callback_ctocpp.cc */ = {isa = PBXFileReference; fileEncoding = 4; lastKnownFileType = sourcecode.cpp.cpp; path = callback_ctocpp.cc; sourceTree = "<group>"; };
		6A8C775F1A0C328C000925F5 /* callback_ctocpp.h */ = {isa = PBXFileReference; fileEncoding = 4; lastKnownFileType = sourcecode.c.h; path = callback_ctocpp.h; sourceTree = "<group>"; };
		6A8C77601A0C328C000925F5 /* command_line_ctocpp.cc */ = {isa = PBXFileReference; fileEncoding = 4; lastKnownFileType = sourcecode.cpp.cpp; path = command_line_ctocpp.cc; sourceTree = "<group>"; };
		6A8C77611A0C328C000925F5 /* command_line_ctocpp.h */ = {isa = PBXFileReference; fileEncoding = 4; lastKnownFileType = sourcecode.c.h; path = command_line_ctocpp.h; sourceTree = "<group>"; };
		6A8C77621A0C328C000925F5 /* context_menu_params_ctocpp.cc */ = {isa = PBXFileReference; fileEncoding = 4; lastKnownFileType = sourcecode.cpp.cpp; path = context_menu_params_ctocpp.cc; sourceTree = "<group>"; };
		6A8C77631A0C328C000925F5 /* context_menu_params_ctocpp.h */ = {isa = PBXFileReference; fileEncoding = 4; lastKnownFileType = sourcecode.c.h; path = context_menu_params_ctocpp.h; sourceTree = "<group>"; };
		6A8C77641A0C328C000925F5 /* cookie_manager_ctocpp.cc */ = {isa = PBXFileReference; fileEncoding = 4; lastKnownFileType = sourcecode.cpp.cpp; path = cookie_manager_ctocpp.cc; sourceTree = "<group>"; };
		6A8C77651A0C328C000925F5 /* cookie_manager_ctocpp.h */ = {isa = PBXFileReference; fileEncoding = 4; lastKnownFileType = sourcecode.c.h; path = cookie_manager_ctocpp.h; sourceTree = "<group>"; };
		6A8C77661A0C328C000925F5 /* ctocpp.h */ = {isa = PBXFileReference; fileEncoding = 4; lastKnownFileType = sourcecode.c.h; path = ctocpp.h; sourceTree = "<group>"; };
		6A8C77671A0C328C000925F5 /* dictionary_value_ctocpp.cc */ = {isa = PBXFileReference; fileEncoding = 4; lastKnownFileType = sourcecode.cpp.cpp; path = dictionary_value_ctocpp.cc; sourceTree = "<group>"; };
		6A8C77681A0C328C000925F5 /* dictionary_value_ctocpp.h */ = {isa = PBXFileReference; fileEncoding = 4; lastKnownFileType = sourcecode.c.h; path = dictionary_value_ctocpp.h; sourceTree = "<group>"; };
		6A8C77691A0C328C000925F5 /* domdocument_ctocpp.cc */ = {isa = PBXFileReference; fileEncoding = 4; lastKnownFileType = sourcecode.cpp.cpp; path = domdocument_ctocpp.cc; sourceTree = "<group>"; };
		6A8C776A1A0C328C000925F5 /* domdocument_ctocpp.h */ = {isa = PBXFileReference; fileEncoding = 4; lastKnownFileType = sourcecode.c.h; path = domdocument_ctocpp.h; sourceTree = "<group>"; };
		6A8C776B1A0C328C000925F5 /* domnode_ctocpp.cc */ = {isa = PBXFileReference; fileEncoding = 4; lastKnownFileType = sourcecode.cpp.cpp; path = domnode_ctocpp.cc; sourceTree = "<group>"; };
		6A8C776C1A0C328C000925F5 /* domnode_ctocpp.h */ = {isa = PBXFileReference; fileEncoding = 4; lastKnownFileType = sourcecode.c.h; path = domnode_ctocpp.h; sourceTree = "<group>"; };
		6A8C776D1A0C328C000925F5 /* download_item_callback_ctocpp.cc */ = {isa = PBXFileReference; fileEncoding = 4; lastKnownFileType = sourcecode.cpp.cpp; path = download_item_callback_ctocpp.cc; sourceTree = "<group>"; };
		6A8C776E1A0C328C000925F5 /* download_item_callback_ctocpp.h */ = {isa = PBXFileReference; fileEncoding = 4; lastKnownFileType = sourcecode.c.h; path = download_item_callback_ctocpp.h; sourceTree = "<group>"; };
		6A8C776F1A0C328C000925F5 /* download_item_ctocpp.cc */ = {isa = PBXFileReference; fileEncoding = 4; lastKnownFileType = sourcecode.cpp.cpp; path = download_item_ctocpp.cc; sourceTree = "<group>"; };
		6A8C77701A0C328C000925F5 /* download_item_ctocpp.h */ = {isa = PBXFileReference; fileEncoding = 4; lastKnownFileType = sourcecode.c.h; path = download_item_ctocpp.h; sourceTree = "<group>"; };
		6A8C77711A0C328C000925F5 /* drag_data_ctocpp.cc */ = {isa = PBXFileReference; fileEncoding = 4; lastKnownFileType = sourcecode.cpp.cpp; path = drag_data_ctocpp.cc; sourceTree = "<group>"; };
		6A8C77721A0C328C000925F5 /* drag_data_ctocpp.h */ = {isa = PBXFileReference; fileEncoding = 4; lastKnownFileType = sourcecode.c.h; path = drag_data_ctocpp.h; sourceTree = "<group>"; };
		6A8C77731A0C328C000925F5 /* file_dialog_callback_ctocpp.cc */ = {isa = PBXFileReference; fileEncoding = 4; lastKnownFileType = sourcecode.cpp.cpp; path = file_dialog_callback_ctocpp.cc; sourceTree = "<group>"; };
		6A8C77741A0C328C000925F5 /* file_dialog_callback_ctocpp.h */ = {isa = PBXFileReference; fileEncoding = 4; lastKnownFileType = sourcecode.c.h; path = file_dialog_callback_ctocpp.h; sourceTree = "<group>"; };
		6A8C77751A0C328C000925F5 /* frame_ctocpp.cc */ = {isa = PBXFileReference; fileEncoding = 4; lastKnownFileType = sourcecode.cpp.cpp; path = frame_ctocpp.cc; sourceTree = "<group>"; };
		6A8C77761A0C328C000925F5 /* frame_ctocpp.h */ = {isa = PBXFileReference; fileEncoding = 4; lastKnownFileType = sourcecode.c.h; path = frame_ctocpp.h; sourceTree = "<group>"; };
		6A8C77771A0C328C000925F5 /* geolocation_callback_ctocpp.cc */ = {isa = PBXFileReference; fileEncoding = 4; lastKnownFileType = sourcecode.cpp.cpp; path = geolocation_callback_ctocpp.cc; sourceTree = "<group>"; };
		6A8C77781A0C328C000925F5 /* geolocation_callback_ctocpp.h */ = {isa = PBXFileReference; fileEncoding = 4; lastKnownFileType = sourcecode.c.h; path = geolocation_callback_ctocpp.h; sourceTree = "<group>"; };
		6A8C77791A0C328C000925F5 /* jsdialog_callback_ctocpp.cc */ = {isa = PBXFileReference; fileEncoding = 4; lastKnownFileType = sourcecode.cpp.cpp; path = jsdialog_callback_ctocpp.cc; sourceTree = "<group>"; };
		6A8C777A1A0C328C000925F5 /* jsdialog_callback_ctocpp.h */ = {isa = PBXFileReference; fileEncoding = 4; lastKnownFileType = sourcecode.c.h; path = jsdialog_callback_ctocpp.h; sourceTree = "<group>"; };
		6A8C777B1A0C328C000925F5 /* list_value_ctocpp.cc */ = {isa = PBXFileReference; fileEncoding = 4; lastKnownFileType = sourcecode.cpp.cpp; path = list_value_ctocpp.cc; sourceTree = "<group>"; };
		6A8C777C1A0C328C000925F5 /* list_value_ctocpp.h */ = {isa = PBXFileReference; fileEncoding = 4; lastKnownFileType = sourcecode.c.h; path = list_value_ctocpp.h; sourceTree = "<group>"; };
		6A8C777D1A0C328C000925F5 /* menu_model_ctocpp.cc */ = {isa = PBXFileReference; fileEncoding = 4; lastKnownFileType = sourcecode.cpp.cpp; path = menu_model_ctocpp.cc; sourceTree = "<group>"; };
		6A8C777E1A0C328C000925F5 /* menu_model_ctocpp.h */ = {isa = PBXFileReference; fileEncoding = 4; lastKnownFileType = sourcecode.c.h; path = menu_model_ctocpp.h; sourceTree = "<group>"; };
		6A8C777F1A0C328C000925F5 /* post_data_ctocpp.cc */ = {isa = PBXFileReference; fileEncoding = 4; lastKnownFileType = sourcecode.cpp.cpp; path = post_data_ctocpp.cc; sourceTree = "<group>"; };
		6A8C77801A0C328C000925F5 /* post_data_ctocpp.h */ = {isa = PBXFileReference; fileEncoding = 4; lastKnownFileType = sourcecode.c.h; path = post_data_ctocpp.h; sourceTree = "<group>"; };
		6A8C77811A0C328C000925F5 /* post_data_element_ctocpp.cc */ = {isa = PBXFileReference; fileEncoding = 4; lastKnownFileType = sourcecode.cpp.cpp; path = post_data_element_ctocpp.cc; sourceTree = "<group>"; };
		6A8C77821A0C328C000925F5 /* post_data_element_ctocpp.h */ = {isa = PBXFileReference; fileEncoding = 4; lastKnownFileType = sourcecode.c.h; path = post_data_element_ctocpp.h; sourceTree = "<group>"; };
		6A8C77831A0C328C000925F5 /* print_dialog_callback_ctocpp.cc */ = {isa = PBXFileReference; fileEncoding = 4; lastKnownFileType = sourcecode.cpp.cpp; path = print_dialog_callback_ctocpp.cc; sourceTree = "<group>"; };
		6A8C77841A0C328C000925F5 /* print_dialog_callback_ctocpp.h */ = {isa = PBXFileReference; fileEncoding = 4; lastKnownFileType = sourcecode.c.h; path = print_dialog_callback_ctocpp.h; sourceTree = "<group>"; };
		6A8C77851A0C328C000925F5 /* print_job_callback_ctocpp.cc */ = {isa = PBXFileReference; fileEncoding = 4; lastKnownFileType = sourcecode.cpp.cpp; path = print_job_callback_ctocpp.cc; sourceTree = "<group>"; };
		6A8C77861A0C328C000925F5 /* print_job_callback_ctocpp.h */ = {isa = PBXFileReference; fileEncoding = 4; lastKnownFileType = sourcecode.c.h; path = print_job_callback_ctocpp.h; sourceTree = "<group>"; };
		6A8C77871A0C328C000925F5 /* print_settings_ctocpp.cc */ = {isa = PBXFileReference; fileEncoding = 4; lastKnownFileType = sourcecode.cpp.cpp; path = print_settings_ctocpp.cc; sourceTree = "<group>"; };
		6A8C77881A0C328C000925F5 /* print_settings_ctocpp.h */ = {isa = PBXFileReference; fileEncoding = 4; lastKnownFileType = sourcecode.c.h; path = print_settings_ctocpp.h; sourceTree = "<group>"; };
		6A8C77891A0C328C000925F5 /* process_message_ctocpp.cc */ = {isa = PBXFileReference; fileEncoding = 4; lastKnownFileType = sourcecode.cpp.cpp; path = process_message_ctocpp.cc; sourceTree = "<group>"; };
		6A8C778A1A0C328C000925F5 /* process_message_ctocpp.h */ = {isa = PBXFileReference; fileEncoding = 4; lastKnownFileType = sourcecode.c.h; path = process_message_ctocpp.h; sourceTree = "<group>"; };
		6A8C778B1A0C328C000925F5 /* quota_callback_ctocpp.cc */ = {isa = PBXFileReference; fileEncoding = 4; lastKnownFileType = sourcecode.cpp.cpp; path = quota_callback_ctocpp.cc; sourceTree = "<group>"; };
		6A8C778C1A0C328C000925F5 /* quota_callback_ctocpp.h */ = {isa = PBXFileReference; fileEncoding = 4; lastKnownFileType = sourcecode.c.h; path = quota_callback_ctocpp.h; sourceTree = "<group>"; };
		6A8C778D1A0C328C000925F5 /* request_context_ctocpp.cc */ = {isa = PBXFileReference; fileEncoding = 4; lastKnownFileType = sourcecode.cpp.cpp; path = request_context_ctocpp.cc; sourceTree = "<group>"; };
		6A8C778E1A0C328C000925F5 /* request_context_ctocpp.h */ = {isa = PBXFileReference; fileEncoding = 4; lastKnownFileType = sourcecode.c.h; path = request_context_ctocpp.h; sourceTree = "<group>"; };
		6A8C778F1A0C328C000925F5 /* request_ctocpp.cc */ = {isa = PBXFileReference; fileEncoding = 4; lastKnownFileType = sourcecode.cpp.cpp; path = request_ctocpp.cc; sourceTree = "<group>"; };
		6A8C77901A0C328C000925F5 /* request_ctocpp.h */ = {isa = PBXFileReference; fileEncoding = 4; lastKnownFileType = sourcecode.c.h; path = request_ctocpp.h; sourceTree = "<group>"; };
		6A8C77911A0C328C000925F5 /* response_ctocpp.cc */ = {isa = PBXFileReference; fileEncoding = 4; lastKnownFileType = sourcecode.cpp.cpp; path = response_ctocpp.cc; sourceTree = "<group>"; };
		6A8C77921A0C328C000925F5 /* response_ctocpp.h */ = {isa = PBXFileReference; fileEncoding = 4; lastKnownFileType = sourcecode.c.h; path = response_ctocpp.h; sourceTree = "<group>"; };
		6A8C77931A0C328C000925F5 /* scheme_registrar_ctocpp.cc */ = {isa = PBXFileReference; fileEncoding = 4; lastKnownFileType = sourcecode.cpp.cpp; path = scheme_registrar_ctocpp.cc; sourceTree = "<group>"; };
		6A8C77941A0C328C000925F5 /* scheme_registrar_ctocpp.h */ = {isa = PBXFileReference; fileEncoding = 4; lastKnownFileType = sourcecode.c.h; path = scheme_registrar_ctocpp.h; sourceTree = "<group>"; };
		6A8C77951A0C328C000925F5 /* stream_reader_ctocpp.cc */ = {isa = PBXFileReference; fileEncoding = 4; lastKnownFileType = sourcecode.cpp.cpp; path = stream_reader_ctocpp.cc; sourceTree = "<group>"; };
		6A8C77961A0C328C000925F5 /* stream_reader_ctocpp.h */ = {isa = PBXFileReference; fileEncoding = 4; lastKnownFileType = sourcecode.c.h; path = stream_reader_ctocpp.h; sourceTree = "<group>"; };
		6A8C77971A0C328C000925F5 /* stream_writer_ctocpp.cc */ = {isa = PBXFileReference; fileEncoding = 4; lastKnownFileType = sourcecode.cpp.cpp; path = stream_writer_ctocpp.cc; sourceTree = "<group>"; };
		6A8C77981A0C328C000925F5 /* stream_writer_ctocpp.h */ = {isa = PBXFileReference; fileEncoding = 4; lastKnownFileType = sourcecode.c.h; path = stream_writer_ctocpp.h; sourceTree = "<group>"; };
		6A8C77991A0C328C000925F5 /* task_runner_ctocpp.cc */ = {isa = PBXFileReference; fileEncoding = 4; lastKnownFileType = sourcecode.cpp.cpp; path = task_runner_ctocpp.cc; sourceTree = "<group>"; };
		6A8C779A1A0C328C000925F5 /* task_runner_ctocpp.h */ = {isa = PBXFileReference; fileEncoding = 4; lastKnownFileType = sourcecode.c.h; path = task_runner_ctocpp.h; sourceTree = "<group>"; };
		6A8C779B1A0C328C000925F5 /* urlrequest_ctocpp.cc */ = {isa = PBXFileReference; fileEncoding = 4; lastKnownFileType = sourcecode.cpp.cpp; path = urlrequest_ctocpp.cc; sourceTree = "<group>"; };
		6A8C779C1A0C328C000925F5 /* urlrequest_ctocpp.h */ = {isa = PBXFileReference; fileEncoding = 4; lastKnownFileType = sourcecode.c.h; path = urlrequest_ctocpp.h; sourceTree = "<group>"; };
		6A8C779D1A0C328C000925F5 /* v8context_ctocpp.cc */ = {isa = PBXFileReference; fileEncoding = 4; lastKnownFileType = sourcecode.cpp.cpp; path = v8context_ctocpp.cc; sourceTree = "<group>"; };
		6A8C779E1A0C328C000925F5 /* v8context_ctocpp.h */ = {isa = PBXFileReference; fileEncoding = 4; lastKnownFileType = sourcecode.c.h; path = v8context_ctocpp.h; sourceTree = "<group>"; };
		6A8C779F1A0C328C000925F5 /* v8exception_ctocpp.cc */ = {isa = PBXFileReference; fileEncoding = 4; lastKnownFileType = sourcecode.cpp.cpp; path = v8exception_ctocpp.cc; sourceTree = "<group>"; };
		6A8C77A01A0C328C000925F5 /* v8exception_ctocpp.h */ = {isa = PBXFileReference; fileEncoding = 4; lastKnownFileType = sourcecode.c.h; path = v8exception_ctocpp.h; sourceTree = "<group>"; };
		6A8C77A11A0C328C000925F5 /* v8stack_frame_ctocpp.cc */ = {isa = PBXFileReference; fileEncoding = 4; lastKnownFileType = sourcecode.cpp.cpp; path = v8stack_frame_ctocpp.cc; sourceTree = "<group>"; };
		6A8C77A21A0C328C000925F5 /* v8stack_frame_ctocpp.h */ = {isa = PBXFileReference; fileEncoding = 4; lastKnownFileType = sourcecode.c.h; path = v8stack_frame_ctocpp.h; sourceTree = "<group>"; };
		6A8C77A31A0C328C000925F5 /* v8stack_trace_ctocpp.cc */ = {isa = PBXFileReference; fileEncoding = 4; lastKnownFileType = sourcecode.cpp.cpp; path = v8stack_trace_ctocpp.cc; sourceTree = "<group>"; };
		6A8C77A41A0C328C000925F5 /* v8stack_trace_ctocpp.h */ = {isa = PBXFileReference; fileEncoding = 4; lastKnownFileType = sourcecode.c.h; path = v8stack_trace_ctocpp.h; sourceTree = "<group>"; };
		6A8C77A51A0C328C000925F5 /* v8value_ctocpp.cc */ = {isa = PBXFileReference; fileEncoding = 4; lastKnownFileType = sourcecode.cpp.cpp; path = v8value_ctocpp.cc; sourceTree = "<group>"; };
		6A8C77A61A0C328C000925F5 /* v8value_ctocpp.h */ = {isa = PBXFileReference; fileEncoding = 4; lastKnownFileType = sourcecode.c.h; path = v8value_ctocpp.h; sourceTree = "<group>"; };
		6A8C77A71A0C328C000925F5 /* web_plugin_info_ctocpp.cc */ = {isa = PBXFileReference; fileEncoding = 4; lastKnownFileType = sourcecode.cpp.cpp; path = web_plugin_info_ctocpp.cc; sourceTree = "<group>"; };
		6A8C77A81A0C328C000925F5 /* web_plugin_info_ctocpp.h */ = {isa = PBXFileReference; fileEncoding = 4; lastKnownFileType = sourcecode.c.h; path = web_plugin_info_ctocpp.h; sourceTree = "<group>"; };
		6A8C77A91A0C328C000925F5 /* xml_reader_ctocpp.cc */ = {isa = PBXFileReference; fileEncoding = 4; lastKnownFileType = sourcecode.cpp.cpp; path = xml_reader_ctocpp.cc; sourceTree = "<group>"; };
		6A8C77AA1A0C328C000925F5 /* xml_reader_ctocpp.h */ = {isa = PBXFileReference; fileEncoding = 4; lastKnownFileType = sourcecode.c.h; path = xml_reader_ctocpp.h; sourceTree = "<group>"; };
		6A8C77AB1A0C328C000925F5 /* zip_reader_ctocpp.cc */ = {isa = PBXFileReference; fileEncoding = 4; lastKnownFileType = sourcecode.cpp.cpp; path = zip_reader_ctocpp.cc; sourceTree = "<group>"; };
		6A8C77AC1A0C328C000925F5 /* zip_reader_ctocpp.h */ = {isa = PBXFileReference; fileEncoding = 4; lastKnownFileType = sourcecode.c.h; path = zip_reader_ctocpp.h; sourceTree = "<group>"; };
		6A8C77AD1A0C328C000925F5 /* transfer_util.cpp */ = {isa = PBXFileReference; fileEncoding = 4; lastKnownFileType = sourcecode.cpp.cpp; path = transfer_util.cpp; sourceTree = "<group>"; };
		6A8C77AE1A0C328C000925F5 /* transfer_util.h */ = {isa = PBXFileReference; fileEncoding = 4; lastKnownFileType = sourcecode.c.h; path = transfer_util.h; sourceTree = "<group>"; };
		6A8C77B01A0C328C000925F5 /* cef_browser_info_map.h */ = {isa = PBXFileReference; fileEncoding = 4; lastKnownFileType = sourcecode.c.h; path = cef_browser_info_map.h; sourceTree = "<group>"; };
		6A8C77B11A0C328C000925F5 /* cef_byte_read_handler.cc */ = {isa = PBXFileReference; fileEncoding = 4; lastKnownFileType = sourcecode.cpp.cpp; path = cef_byte_read_handler.cc; sourceTree = "<group>"; };
		6A8C77B21A0C328C000925F5 /* cef_closure_task.cc */ = {isa = PBXFileReference; fileEncoding = 4; lastKnownFileType = sourcecode.cpp.cpp; path = cef_closure_task.cc; sourceTree = "<group>"; };
		6A8C77B31A0C328C000925F5 /* cef_message_router.cc */ = {isa = PBXFileReference; fileEncoding = 4; lastKnownFileType = sourcecode.cpp.cpp; path = cef_message_router.cc; sourceTree = "<group>"; };
		6A8C77B41A0C328C000925F5 /* cef_stream_resource_handler.cc */ = {isa = PBXFileReference; fileEncoding = 4; lastKnownFileType = sourcecode.cpp.cpp; path = cef_stream_resource_handler.cc; sourceTree = "<group>"; };
		6A8C77B51A0C328C000925F5 /* cef_xml_object.cc */ = {isa = PBXFileReference; fileEncoding = 4; lastKnownFileType = sourcecode.cpp.cpp; path = cef_xml_object.cc; sourceTree = "<group>"; };
		6A8C77B61A0C328C000925F5 /* cef_zip_archive.cc */ = {isa = PBXFileReference; fileEncoding = 4; lastKnownFileType = sourcecode.cpp.cpp; path = cef_zip_archive.cc; sourceTree = "<group>"; };
		6A8C77B71A0C328C000925F5 /* libcef_dll_wrapper.cc */ = {isa = PBXFileReference; fileEncoding = 4; lastKnownFileType = sourcecode.cpp.cpp; path = libcef_dll_wrapper.cc; sourceTree = "<group>"; };
		6A8C77B81A0C328C000925F5 /* libcef_dll_wrapper2.cc */ = {isa = PBXFileReference; fileEncoding = 4; lastKnownFileType = sourcecode.cpp.cpp; path = libcef_dll_wrapper2.cc; sourceTree = "<group>"; };
		6A8C78231A0C40C6000925F5 /* MSCEFClient.mm */ = {isa = PBXFileReference; fileEncoding = 4; lastKnownFileType = sourcecode.cpp.objcpp; path = MSCEFClient.mm; sourceTree = "<group>"; };
		6A8C78241A0C40C6000925F5 /* MSCEFClient.h */ = {isa = PBXFileReference; fileEncoding = 4; lastKnownFileType = sourcecode.c.h; path = MSCEFClient.h; sourceTree = "<group>"; };
/* End PBXFileReference section */

/* Begin PBXFrameworksBuildPhase section */
		6A8C76B41A0C06EE000925F5 /* Frameworks */ = {
			isa = PBXFrameworksBuildPhase;
			buildActionMask = 2147483647;
			files = (
				6A8C76BB1A0C06EE000925F5 /* Cocoa.framework in Frameworks */,
				6A8C76F41A0C3218000925F5 /* Chromium Embedded Framework.framework in Frameworks */,
			);
			runOnlyForDeploymentPostprocessing = 0;
		};
		6A8C76D51A0C06EE000925F5 /* Frameworks */ = {
			isa = PBXFrameworksBuildPhase;
			buildActionMask = 2147483647;
			files = (
				6A8C76DB1A0C06EE000925F5 /* Cocoa.framework in Frameworks */,
				6A8C76DA1A0C06EE000925F5 /* XCTest.framework in Frameworks */,
			);
			runOnlyForDeploymentPostprocessing = 0;
		};
/* End PBXFrameworksBuildPhase section */

/* Begin PBXGroup section */
		6A8C76AE1A0C06EE000925F5 = {
			isa = PBXGroup;
			children = (
				6A8C76C01A0C06EE000925F5 /* MiniServo */,
				6A8C76DE1A0C06EE000925F5 /* MiniServoTests */,
				6A8C76B91A0C06EE000925F5 /* Frameworks */,
				6A8C76B81A0C06EE000925F5 /* Products */,
			);
			sourceTree = "<group>";
		};
		6A8C76B81A0C06EE000925F5 /* Products */ = {
			isa = PBXGroup;
			children = (
				6A8C76B71A0C06EE000925F5 /* MiniServo.app */,
				6A8C76D81A0C06EE000925F5 /* MiniServoTests.xctest */,
			);
			name = Products;
			sourceTree = "<group>";
		};
		6A8C76B91A0C06EE000925F5 /* Frameworks */ = {
			isa = PBXGroup;
			children = (
				6A8C76BA1A0C06EE000925F5 /* Cocoa.framework */,
				6A8C76D91A0C06EE000925F5 /* XCTest.framework */,
				6A8C76BC1A0C06EE000925F5 /* Other Frameworks */,
			);
			name = Frameworks;
			sourceTree = "<group>";
		};
		6A8C76BC1A0C06EE000925F5 /* Other Frameworks */ = {
			isa = PBXGroup;
			children = (
				6A8C76BD1A0C06EE000925F5 /* AppKit.framework */,
				6A8C76BE1A0C06EE000925F5 /* CoreData.framework */,
				6A8C76BF1A0C06EE000925F5 /* Foundation.framework */,
			);
			name = "Other Frameworks";
			sourceTree = "<group>";
		};
		6A8C76C01A0C06EE000925F5 /* MiniServo */ = {
			isa = PBXGroup;
			children = (
				6A8C76F31A0C3218000925F5 /* Chromium Embedded Framework.framework */,
				6A8C76F51A0C328C000925F5 /* libcef_dll */,
				6A8C76CC1A0C06EE000925F5 /* MSAppDelegate.h */,
				6A8C76F11A0C2F97000925F5 /* MSAppDelegate.mm */,
				6A8C78241A0C40C6000925F5 /* MSCEFClient.h */,
				6A8C78231A0C40C6000925F5 /* MSCEFClient.mm */,
				6A8C76CF1A0C06EE000925F5 /* MainMenu.xib */,
				6A8C76EE1A0C2C83000925F5 /* MSView.h */,
				6A8C76EF1A0C2C83000925F5 /* MSView.mm */,
				6A8C76D21A0C06EE000925F5 /* Images.xcassets */,
				6A8C76C11A0C06EE000925F5 /* Supporting Files */,
			);
			path = MiniServo;
			sourceTree = "<group>";
		};
		6A8C76C11A0C06EE000925F5 /* Supporting Files */ = {
			isa = PBXGroup;
			children = (
				6A8C76C21A0C06EE000925F5 /* MiniServo-Info.plist */,
				6A8C76C31A0C06EE000925F5 /* InfoPlist.strings */,
				6A8C76C61A0C06EE000925F5 /* main.m */,
				6A8C76C81A0C06EE000925F5 /* MiniServo-Prefix.pch */,
				6A8C76C91A0C06EE000925F5 /* Credits.rtf */,
			);
			name = "Supporting Files";
			sourceTree = "<group>";
		};
		6A8C76DE1A0C06EE000925F5 /* MiniServoTests */ = {
			isa = PBXGroup;
			children = (
				6A8C76E41A0C06EE000925F5 /* MiniServoTests.m */,
				6A8C76DF1A0C06EE000925F5 /* Supporting Files */,
			);
			path = MiniServoTests;
			sourceTree = "<group>";
		};
		6A8C76DF1A0C06EE000925F5 /* Supporting Files */ = {
			isa = PBXGroup;
			children = (
				6A8C76E01A0C06EE000925F5 /* MiniServoTests-Info.plist */,
				6A8C76E11A0C06EE000925F5 /* InfoPlist.strings */,
			);
			name = "Supporting Files";
			sourceTree = "<group>";
		};
		6A8C76F51A0C328C000925F5 /* libcef_dll */ = {
			isa = PBXGroup;
			children = (
				6A8C76F61A0C328C000925F5 /* base */,
				6A8C77031A0C328C000925F5 /* cpptoc */,
				6A8C77501A0C328C000925F5 /* ctocpp */,
				6A8C77AD1A0C328C000925F5 /* transfer_util.cpp */,
				6A8C77AE1A0C328C000925F5 /* transfer_util.h */,
				6A8C77AF1A0C328C000925F5 /* wrapper */,
			);
			name = libcef_dll;
			path = ../../../../cef_binary_3.2171.1879_macosx64/libcef_dll;
			sourceTree = "<group>";
		};
		6A8C76F61A0C328C000925F5 /* base */ = {
			isa = PBXGroup;
			children = (
				6A8C76F71A0C328C000925F5 /* cef_atomicops_x86_gcc.cc */,
				6A8C76F81A0C328C000925F5 /* cef_bind_helpers.cc */,
				6A8C76F91A0C328C000925F5 /* cef_callback_helpers.cc */,
				6A8C76FA1A0C328C000925F5 /* cef_callback_internal.cc */,
				6A8C76FB1A0C328C000925F5 /* cef_lock.cc */,
				6A8C76FC1A0C328C000925F5 /* cef_lock_impl.cc */,
				6A8C76FD1A0C328C000925F5 /* cef_logging.cc */,
				6A8C76FE1A0C328C000925F5 /* cef_ref_counted.cc */,
				6A8C76FF1A0C328C000925F5 /* cef_string16.cc */,
				6A8C77001A0C328C000925F5 /* cef_thread_checker_impl.cc */,
				6A8C77011A0C328C000925F5 /* cef_thread_collision_warner.cc */,
				6A8C77021A0C328C000925F5 /* cef_weak_ptr.cc */,
			);
			path = base;
			sourceTree = "<group>";
		};
		6A8C77031A0C328C000925F5 /* cpptoc */ = {
			isa = PBXGroup;
			children = (
				6A8C77041A0C328C000925F5 /* app_cpptoc.cc */,
				6A8C77051A0C328C000925F5 /* app_cpptoc.h */,
				6A8C77061A0C328C000925F5 /* base_cpptoc.h */,
				6A8C77071A0C328C000925F5 /* browser_process_handler_cpptoc.cc */,
				6A8C77081A0C328C000925F5 /* browser_process_handler_cpptoc.h */,
				6A8C77091A0C328C000925F5 /* client_cpptoc.cc */,
				6A8C770A1A0C328C000925F5 /* client_cpptoc.h */,
				6A8C770B1A0C328C000925F5 /* completion_callback_cpptoc.cc */,
				6A8C770C1A0C328C000925F5 /* completion_callback_cpptoc.h */,
				6A8C770D1A0C328C000925F5 /* context_menu_handler_cpptoc.cc */,
				6A8C770E1A0C328C000925F5 /* context_menu_handler_cpptoc.h */,
				6A8C770F1A0C328C000925F5 /* cookie_visitor_cpptoc.cc */,
				6A8C77101A0C328C000925F5 /* cookie_visitor_cpptoc.h */,
				6A8C77111A0C328C000925F5 /* cpptoc.h */,
				6A8C77121A0C328C000925F5 /* dialog_handler_cpptoc.cc */,
				6A8C77131A0C328C000925F5 /* dialog_handler_cpptoc.h */,
				6A8C77141A0C328C000925F5 /* display_handler_cpptoc.cc */,
				6A8C77151A0C328C000925F5 /* display_handler_cpptoc.h */,
				6A8C77161A0C328C000925F5 /* domvisitor_cpptoc.cc */,
				6A8C77171A0C328C000925F5 /* domvisitor_cpptoc.h */,
				6A8C77181A0C328C000925F5 /* download_handler_cpptoc.cc */,
				6A8C77191A0C328C000925F5 /* download_handler_cpptoc.h */,
				6A8C771A1A0C328C000925F5 /* drag_handler_cpptoc.cc */,
				6A8C771B1A0C328C000925F5 /* drag_handler_cpptoc.h */,
				6A8C771C1A0C328C000925F5 /* end_tracing_callback_cpptoc.cc */,
				6A8C771D1A0C328C000925F5 /* end_tracing_callback_cpptoc.h */,
				6A8C771E1A0C328C000925F5 /* focus_handler_cpptoc.cc */,
				6A8C771F1A0C328C000925F5 /* focus_handler_cpptoc.h */,
				6A8C77201A0C328C000925F5 /* geolocation_handler_cpptoc.cc */,
				6A8C77211A0C328C000925F5 /* geolocation_handler_cpptoc.h */,
				6A8C77221A0C328C000925F5 /* get_geolocation_callback_cpptoc.cc */,
				6A8C77231A0C328C000925F5 /* get_geolocation_callback_cpptoc.h */,
				6A8C77241A0C328C000925F5 /* jsdialog_handler_cpptoc.cc */,
				6A8C77251A0C328C000925F5 /* jsdialog_handler_cpptoc.h */,
				6A8C77261A0C328C000925F5 /* keyboard_handler_cpptoc.cc */,
				6A8C77271A0C328C000925F5 /* keyboard_handler_cpptoc.h */,
				6A8C77281A0C328C000925F5 /* life_span_handler_cpptoc.cc */,
				6A8C77291A0C328C000925F5 /* life_span_handler_cpptoc.h */,
				6A8C772A1A0C328C000925F5 /* load_handler_cpptoc.cc */,
				6A8C772B1A0C328C000925F5 /* load_handler_cpptoc.h */,
				6A8C772C1A0C328C000925F5 /* print_handler_cpptoc.cc */,
				6A8C772D1A0C328C000925F5 /* print_handler_cpptoc.h */,
				6A8C772E1A0C328C000925F5 /* read_handler_cpptoc.cc */,
				6A8C772F1A0C328C000925F5 /* read_handler_cpptoc.h */,
				6A8C77301A0C328C000925F5 /* render_handler_cpptoc.cc */,
				6A8C77311A0C328C000925F5 /* render_handler_cpptoc.h */,
				6A8C77321A0C328C000925F5 /* render_process_handler_cpptoc.cc */,
				6A8C77331A0C328C000925F5 /* render_process_handler_cpptoc.h */,
				6A8C77341A0C328C000925F5 /* request_context_handler_cpptoc.cc */,
				6A8C77351A0C328C000925F5 /* request_context_handler_cpptoc.h */,
				6A8C77361A0C328C000925F5 /* request_handler_cpptoc.cc */,
				6A8C77371A0C328C000925F5 /* request_handler_cpptoc.h */,
				6A8C77381A0C328C000925F5 /* resource_bundle_handler_cpptoc.cc */,
				6A8C77391A0C328C000925F5 /* resource_bundle_handler_cpptoc.h */,
				6A8C773A1A0C328C000925F5 /* resource_handler_cpptoc.cc */,
				6A8C773B1A0C328C000925F5 /* resource_handler_cpptoc.h */,
				6A8C773C1A0C328C000925F5 /* run_file_dialog_callback_cpptoc.cc */,
				6A8C773D1A0C328C000925F5 /* run_file_dialog_callback_cpptoc.h */,
				6A8C773E1A0C328C000925F5 /* scheme_handler_factory_cpptoc.cc */,
				6A8C773F1A0C328C000925F5 /* scheme_handler_factory_cpptoc.h */,
				6A8C77401A0C328C000925F5 /* string_visitor_cpptoc.cc */,
				6A8C77411A0C328C000925F5 /* string_visitor_cpptoc.h */,
				6A8C77421A0C328C000925F5 /* task_cpptoc.cc */,
				6A8C77431A0C328C000925F5 /* task_cpptoc.h */,
				6A8C77441A0C328C000925F5 /* urlrequest_client_cpptoc.cc */,
				6A8C77451A0C328C000925F5 /* urlrequest_client_cpptoc.h */,
				6A8C77461A0C328C000925F5 /* v8accessor_cpptoc.cc */,
				6A8C77471A0C328C000925F5 /* v8accessor_cpptoc.h */,
				6A8C77481A0C328C000925F5 /* v8handler_cpptoc.cc */,
				6A8C77491A0C328C000925F5 /* v8handler_cpptoc.h */,
				6A8C774A1A0C328C000925F5 /* web_plugin_info_visitor_cpptoc.cc */,
				6A8C774B1A0C328C000925F5 /* web_plugin_info_visitor_cpptoc.h */,
				6A8C774C1A0C328C000925F5 /* web_plugin_unstable_callback_cpptoc.cc */,
				6A8C774D1A0C328C000925F5 /* web_plugin_unstable_callback_cpptoc.h */,
				6A8C774E1A0C328C000925F5 /* write_handler_cpptoc.cc */,
				6A8C774F1A0C328C000925F5 /* write_handler_cpptoc.h */,
			);
			path = cpptoc;
			sourceTree = "<group>";
		};
		6A8C77501A0C328C000925F5 /* ctocpp */ = {
			isa = PBXGroup;
			children = (
				6A8C77511A0C328C000925F5 /* allow_certificate_error_callback_ctocpp.cc */,
				6A8C77521A0C328C000925F5 /* allow_certificate_error_callback_ctocpp.h */,
				6A8C77531A0C328C000925F5 /* auth_callback_ctocpp.cc */,
				6A8C77541A0C328C000925F5 /* auth_callback_ctocpp.h */,
				6A8C77551A0C328C000925F5 /* base_ctocpp.h */,
				6A8C77561A0C328C000925F5 /* before_download_callback_ctocpp.cc */,
				6A8C77571A0C328C000925F5 /* before_download_callback_ctocpp.h */,
				6A8C77581A0C328C000925F5 /* binary_value_ctocpp.cc */,
				6A8C77591A0C328C000925F5 /* binary_value_ctocpp.h */,
				6A8C775A1A0C328C000925F5 /* browser_ctocpp.cc */,
				6A8C775B1A0C328C000925F5 /* browser_ctocpp.h */,
				6A8C775C1A0C328C000925F5 /* browser_host_ctocpp.cc */,
				6A8C775D1A0C328C000925F5 /* browser_host_ctocpp.h */,
				6A8C775E1A0C328C000925F5 /* callback_ctocpp.cc */,
				6A8C775F1A0C328C000925F5 /* callback_ctocpp.h */,
				6A8C77601A0C328C000925F5 /* command_line_ctocpp.cc */,
				6A8C77611A0C328C000925F5 /* command_line_ctocpp.h */,
				6A8C77621A0C328C000925F5 /* context_menu_params_ctocpp.cc */,
				6A8C77631A0C328C000925F5 /* context_menu_params_ctocpp.h */,
				6A8C77641A0C328C000925F5 /* cookie_manager_ctocpp.cc */,
				6A8C77651A0C328C000925F5 /* cookie_manager_ctocpp.h */,
				6A8C77661A0C328C000925F5 /* ctocpp.h */,
				6A8C77671A0C328C000925F5 /* dictionary_value_ctocpp.cc */,
				6A8C77681A0C328C000925F5 /* dictionary_value_ctocpp.h */,
				6A8C77691A0C328C000925F5 /* domdocument_ctocpp.cc */,
				6A8C776A1A0C328C000925F5 /* domdocument_ctocpp.h */,
				6A8C776B1A0C328C000925F5 /* domnode_ctocpp.cc */,
				6A8C776C1A0C328C000925F5 /* domnode_ctocpp.h */,
				6A8C776D1A0C328C000925F5 /* download_item_callback_ctocpp.cc */,
				6A8C776E1A0C328C000925F5 /* download_item_callback_ctocpp.h */,
				6A8C776F1A0C328C000925F5 /* download_item_ctocpp.cc */,
				6A8C77701A0C328C000925F5 /* download_item_ctocpp.h */,
				6A8C77711A0C328C000925F5 /* drag_data_ctocpp.cc */,
				6A8C77721A0C328C000925F5 /* drag_data_ctocpp.h */,
				6A8C77731A0C328C000925F5 /* file_dialog_callback_ctocpp.cc */,
				6A8C77741A0C328C000925F5 /* file_dialog_callback_ctocpp.h */,
				6A8C77751A0C328C000925F5 /* frame_ctocpp.cc */,
				6A8C77761A0C328C000925F5 /* frame_ctocpp.h */,
				6A8C77771A0C328C000925F5 /* geolocation_callback_ctocpp.cc */,
				6A8C77781A0C328C000925F5 /* geolocation_callback_ctocpp.h */,
				6A8C77791A0C328C000925F5 /* jsdialog_callback_ctocpp.cc */,
				6A8C777A1A0C328C000925F5 /* jsdialog_callback_ctocpp.h */,
				6A8C777B1A0C328C000925F5 /* list_value_ctocpp.cc */,
				6A8C777C1A0C328C000925F5 /* list_value_ctocpp.h */,
				6A8C777D1A0C328C000925F5 /* menu_model_ctocpp.cc */,
				6A8C777E1A0C328C000925F5 /* menu_model_ctocpp.h */,
				6A8C777F1A0C328C000925F5 /* post_data_ctocpp.cc */,
				6A8C77801A0C328C000925F5 /* post_data_ctocpp.h */,
				6A8C77811A0C328C000925F5 /* post_data_element_ctocpp.cc */,
				6A8C77821A0C328C000925F5 /* post_data_element_ctocpp.h */,
				6A8C77831A0C328C000925F5 /* print_dialog_callback_ctocpp.cc */,
				6A8C77841A0C328C000925F5 /* print_dialog_callback_ctocpp.h */,
				6A8C77851A0C328C000925F5 /* print_job_callback_ctocpp.cc */,
				6A8C77861A0C328C000925F5 /* print_job_callback_ctocpp.h */,
				6A8C77871A0C328C000925F5 /* print_settings_ctocpp.cc */,
				6A8C77881A0C328C000925F5 /* print_settings_ctocpp.h */,
				6A8C77891A0C328C000925F5 /* process_message_ctocpp.cc */,
				6A8C778A1A0C328C000925F5 /* process_message_ctocpp.h */,
				6A8C778B1A0C328C000925F5 /* quota_callback_ctocpp.cc */,
				6A8C778C1A0C328C000925F5 /* quota_callback_ctocpp.h */,
				6A8C778D1A0C328C000925F5 /* request_context_ctocpp.cc */,
				6A8C778E1A0C328C000925F5 /* request_context_ctocpp.h */,
				6A8C778F1A0C328C000925F5 /* request_ctocpp.cc */,
				6A8C77901A0C328C000925F5 /* request_ctocpp.h */,
				6A8C77911A0C328C000925F5 /* response_ctocpp.cc */,
				6A8C77921A0C328C000925F5 /* response_ctocpp.h */,
				6A8C77931A0C328C000925F5 /* scheme_registrar_ctocpp.cc */,
				6A8C77941A0C328C000925F5 /* scheme_registrar_ctocpp.h */,
				6A8C77951A0C328C000925F5 /* stream_reader_ctocpp.cc */,
				6A8C77961A0C328C000925F5 /* stream_reader_ctocpp.h */,
				6A8C77971A0C328C000925F5 /* stream_writer_ctocpp.cc */,
				6A8C77981A0C328C000925F5 /* stream_writer_ctocpp.h */,
				6A8C77991A0C328C000925F5 /* task_runner_ctocpp.cc */,
				6A8C779A1A0C328C000925F5 /* task_runner_ctocpp.h */,
				6A8C779B1A0C328C000925F5 /* urlrequest_ctocpp.cc */,
				6A8C779C1A0C328C000925F5 /* urlrequest_ctocpp.h */,
				6A8C779D1A0C328C000925F5 /* v8context_ctocpp.cc */,
				6A8C779E1A0C328C000925F5 /* v8context_ctocpp.h */,
				6A8C779F1A0C328C000925F5 /* v8exception_ctocpp.cc */,
				6A8C77A01A0C328C000925F5 /* v8exception_ctocpp.h */,
				6A8C77A11A0C328C000925F5 /* v8stack_frame_ctocpp.cc */,
				6A8C77A21A0C328C000925F5 /* v8stack_frame_ctocpp.h */,
				6A8C77A31A0C328C000925F5 /* v8stack_trace_ctocpp.cc */,
				6A8C77A41A0C328C000925F5 /* v8stack_trace_ctocpp.h */,
				6A8C77A51A0C328C000925F5 /* v8value_ctocpp.cc */,
				6A8C77A61A0C328C000925F5 /* v8value_ctocpp.h */,
				6A8C77A71A0C328C000925F5 /* web_plugin_info_ctocpp.cc */,
				6A8C77A81A0C328C000925F5 /* web_plugin_info_ctocpp.h */,
				6A8C77A91A0C328C000925F5 /* xml_reader_ctocpp.cc */,
				6A8C77AA1A0C328C000925F5 /* xml_reader_ctocpp.h */,
				6A8C77AB1A0C328C000925F5 /* zip_reader_ctocpp.cc */,
				6A8C77AC1A0C328C000925F5 /* zip_reader_ctocpp.h */,
			);
			path = ctocpp;
			sourceTree = "<group>";
		};
		6A8C77AF1A0C328C000925F5 /* wrapper */ = {
			isa = PBXGroup;
			children = (
				6A8C77B01A0C328C000925F5 /* cef_browser_info_map.h */,
				6A8C77B11A0C328C000925F5 /* cef_byte_read_handler.cc */,
				6A8C77B21A0C328C000925F5 /* cef_closure_task.cc */,
				6A8C77B31A0C328C000925F5 /* cef_message_router.cc */,
				6A8C77B41A0C328C000925F5 /* cef_stream_resource_handler.cc */,
				6A8C77B51A0C328C000925F5 /* cef_xml_object.cc */,
				6A8C77B61A0C328C000925F5 /* cef_zip_archive.cc */,
				6A8C77B71A0C328C000925F5 /* libcef_dll_wrapper.cc */,
				6A8C77B81A0C328C000925F5 /* libcef_dll_wrapper2.cc */,
			);
			path = wrapper;
			sourceTree = "<group>";
		};
/* End PBXGroup section */

/* Begin PBXNativeTarget section */
		6A8C76B61A0C06EE000925F5 /* MiniServo */ = {
			isa = PBXNativeTarget;
			buildConfigurationList = 6A8C76E81A0C06EE000925F5 /* Build configuration list for PBXNativeTarget "MiniServo" */;
			buildPhases = (
				6A8C76B31A0C06EE000925F5 /* Sources */,
				6A8C76B41A0C06EE000925F5 /* Frameworks */,
				6A8C76B51A0C06EE000925F5 /* Resources */,
				6A8C78211A0C36AA000925F5 /* CopyFiles */,
			);
			buildRules = (
			);
			dependencies = (
			);
			name = MiniServo;
			productName = MiniServo;
			productReference = 6A8C76B71A0C06EE000925F5 /* MiniServo.app */;
			productType = "com.apple.product-type.application";
		};
		6A8C76D71A0C06EE000925F5 /* MiniServoTests */ = {
			isa = PBXNativeTarget;
			buildConfigurationList = 6A8C76EB1A0C06EE000925F5 /* Build configuration list for PBXNativeTarget "MiniServoTests" */;
			buildPhases = (
				6A8C76D41A0C06EE000925F5 /* Sources */,
				6A8C76D51A0C06EE000925F5 /* Frameworks */,
				6A8C76D61A0C06EE000925F5 /* Resources */,
			);
			buildRules = (
			);
			dependencies = (
				6A8C76DD1A0C06EE000925F5 /* PBXTargetDependency */,
			);
			name = MiniServoTests;
			productName = MiniServoTests;
			productReference = 6A8C76D81A0C06EE000925F5 /* MiniServoTests.xctest */;
			productType = "com.apple.product-type.bundle.unit-test";
		};
/* End PBXNativeTarget section */

/* Begin PBXProject section */
		6A8C76AF1A0C06EE000925F5 /* Project object */ = {
			isa = PBXProject;
			attributes = {
				CLASSPREFIX = MS;
				LastUpgradeCheck = 0510;
				ORGANIZATIONNAME = "Patrick Walton";
				TargetAttributes = {
					6A8C76D71A0C06EE000925F5 = {
						TestTargetID = 6A8C76B61A0C06EE000925F5;
					};
				};
			};
			buildConfigurationList = 6A8C76B21A0C06EE000925F5 /* Build configuration list for PBXProject "MiniServo" */;
			compatibilityVersion = "Xcode 3.2";
			developmentRegion = English;
			hasScannedForEncodings = 0;
			knownRegions = (
				en,
				Base,
			);
			mainGroup = 6A8C76AE1A0C06EE000925F5;
			productRefGroup = 6A8C76B81A0C06EE000925F5 /* Products */;
			projectDirPath = "";
			projectRoot = "";
			targets = (
				6A8C76B61A0C06EE000925F5 /* MiniServo */,
				6A8C76D71A0C06EE000925F5 /* MiniServoTests */,
			);
		};
/* End PBXProject section */

/* Begin PBXResourcesBuildPhase section */
		6A8C76B51A0C06EE000925F5 /* Resources */ = {
			isa = PBXResourcesBuildPhase;
			buildActionMask = 2147483647;
			files = (
				6A8C76C51A0C06EE000925F5 /* InfoPlist.strings in Resources */,
				6A8C76D31A0C06EE000925F5 /* Images.xcassets in Resources */,
				6A8C76CB1A0C06EE000925F5 /* Credits.rtf in Resources */,
				6A8C76D11A0C06EE000925F5 /* MainMenu.xib in Resources */,
			);
			runOnlyForDeploymentPostprocessing = 0;
		};
		6A8C76D61A0C06EE000925F5 /* Resources */ = {
			isa = PBXResourcesBuildPhase;
			buildActionMask = 2147483647;
			files = (
				6A8C76E31A0C06EE000925F5 /* InfoPlist.strings in Resources */,
			);
			runOnlyForDeploymentPostprocessing = 0;
		};
/* End PBXResourcesBuildPhase section */

/* Begin PBXSourcesBuildPhase section */
		6A8C76B31A0C06EE000925F5 /* Sources */ = {
			isa = PBXSourcesBuildPhase;
			buildActionMask = 2147483647;
			files = (
				6A8C77F71A0C328C000925F5 /* download_item_callback_ctocpp.cc in Sources */,
				6A8C77DA1A0C328C000925F5 /* render_handler_cpptoc.cc in Sources */,
				6A8C77EB1A0C328C000925F5 /* auth_callback_ctocpp.cc in Sources */,
				6A8C76F21A0C2F97000925F5 /* MSAppDelegate.mm in Sources */,
				6A8C77BB1A0C328C000925F5 /* cef_callback_helpers.cc in Sources */,
				6A8C77CC1A0C328C000925F5 /* display_handler_cpptoc.cc in Sources */,
				6A8C77C41A0C328C000925F5 /* cef_weak_ptr.cc in Sources */,
				6A8C781D1A0C328C000925F5 /* cef_zip_archive.cc in Sources */,
				6A8C77D51A0C328C000925F5 /* keyboard_handler_cpptoc.cc in Sources */,
				6A8C77E81A0C328C000925F5 /* web_plugin_unstable_callback_cpptoc.cc in Sources */,
				6A8C77D21A0C328C000925F5 /* geolocation_handler_cpptoc.cc in Sources */,
				6A8C78131A0C328C000925F5 /* v8value_ctocpp.cc in Sources */,
				6A8C77C31A0C328C000925F5 /* cef_thread_collision_warner.cc in Sources */,
				6A8C780E1A0C328C000925F5 /* urlrequest_ctocpp.cc in Sources */,
				6A8C781B1A0C328C000925F5 /* cef_stream_resource_handler.cc in Sources */,
				6A8C77D01A0C328C000925F5 /* end_tracing_callback_cpptoc.cc in Sources */,
				6A8C77BE1A0C328C000925F5 /* cef_lock_impl.cc in Sources */,
				6A8C780B1A0C328C000925F5 /* stream_reader_ctocpp.cc in Sources */,
				6A8C781A1A0C328C000925F5 /* cef_message_router.cc in Sources */,
				6A8C78251A0C40C6000925F5 /* MSCEFClient.mm in Sources */,
				6A8C77B91A0C328C000925F5 /* cef_atomicops_x86_gcc.cc in Sources */,
				6A8C77E71A0C328C000925F5 /* web_plugin_info_visitor_cpptoc.cc in Sources */,
				6A8C77DF1A0C328C000925F5 /* resource_handler_cpptoc.cc in Sources */,
				6A8C77F41A0C328C000925F5 /* dictionary_value_ctocpp.cc in Sources */,
				6A8C77FF1A0C328C000925F5 /* menu_model_ctocpp.cc in Sources */,
				6A8C77F51A0C328C000925F5 /* domdocument_ctocpp.cc in Sources */,
				6A8C77DD1A0C328C000925F5 /* request_handler_cpptoc.cc in Sources */,
				6A8C77DE1A0C328C000925F5 /* resource_bundle_handler_cpptoc.cc in Sources */,
				6A8C77BA1A0C328C000925F5 /* cef_bind_helpers.cc in Sources */,
				6A8C77D71A0C328C000925F5 /* load_handler_cpptoc.cc in Sources */,
				6A8C77CD1A0C328C000925F5 /* domvisitor_cpptoc.cc in Sources */,
				6A8C78051A0C328C000925F5 /* process_message_ctocpp.cc in Sources */,
				6A8C77E51A0C328C000925F5 /* v8accessor_cpptoc.cc in Sources */,
				6A8C77BC1A0C328C000925F5 /* cef_callback_internal.cc in Sources */,
				6A8C77C91A0C328C000925F5 /* context_menu_handler_cpptoc.cc in Sources */,
				6A8C77E21A0C328C000925F5 /* string_visitor_cpptoc.cc in Sources */,
				6A8C77C81A0C328C000925F5 /* completion_callback_cpptoc.cc in Sources */,
				6A8C77E31A0C328C000925F5 /* task_cpptoc.cc in Sources */,
				6A8C77D61A0C328C000925F5 /* life_span_handler_cpptoc.cc in Sources */,
				6A8C77FB1A0C328C000925F5 /* frame_ctocpp.cc in Sources */,
				6A8C780A1A0C328C000925F5 /* scheme_registrar_ctocpp.cc in Sources */,
				6A8C77F01A0C328C000925F5 /* callback_ctocpp.cc in Sources */,
				6A8C77FE1A0C328C000925F5 /* list_value_ctocpp.cc in Sources */,
				6A8C77FD1A0C328C000925F5 /* jsdialog_callback_ctocpp.cc in Sources */,
				6A8C77F11A0C328C000925F5 /* command_line_ctocpp.cc in Sources */,
				6A8C780F1A0C328C000925F5 /* v8context_ctocpp.cc in Sources */,
				6A8C77F81A0C328C000925F5 /* download_item_ctocpp.cc in Sources */,
				6A8C77ED1A0C328C000925F5 /* binary_value_ctocpp.cc in Sources */,
				6A8C77EA1A0C328C000925F5 /* allow_certificate_error_callback_ctocpp.cc in Sources */,
				6A8C77E61A0C328C000925F5 /* v8handler_cpptoc.cc in Sources */,
				6A8C78081A0C328C000925F5 /* request_ctocpp.cc in Sources */,
				6A8C77E91A0C328C000925F5 /* write_handler_cpptoc.cc in Sources */,
				6A8C78041A0C328C000925F5 /* print_settings_ctocpp.cc in Sources */,
				6A8C77D81A0C328C000925F5 /* print_handler_cpptoc.cc in Sources */,
				6A8C77BF1A0C328C000925F5 /* cef_logging.cc in Sources */,
				6A8C78151A0C328C000925F5 /* xml_reader_ctocpp.cc in Sources */,
				6A8C77EC1A0C328C000925F5 /* before_download_callback_ctocpp.cc in Sources */,
				6A8C78181A0C328C000925F5 /* cef_byte_read_handler.cc in Sources */,
				6A8C78071A0C328C000925F5 /* request_context_ctocpp.cc in Sources */,
				6A8C77D31A0C328C000925F5 /* get_geolocation_callback_cpptoc.cc in Sources */,
				6A8C77EF1A0C328C000925F5 /* browser_host_ctocpp.cc in Sources */,
				6A8C77BD1A0C328C000925F5 /* cef_lock.cc in Sources */,
				6A8C77CE1A0C328C000925F5 /* download_handler_cpptoc.cc in Sources */,
				6A8C780C1A0C328C000925F5 /* stream_writer_ctocpp.cc in Sources */,
				6A8C77E11A0C328C000925F5 /* scheme_handler_factory_cpptoc.cc in Sources */,
				6A8C78091A0C328C000925F5 /* response_ctocpp.cc in Sources */,
				6A8C78141A0C328C000925F5 /* web_plugin_info_ctocpp.cc in Sources */,
				6A8C77FC1A0C328C000925F5 /* geolocation_callback_ctocpp.cc in Sources */,
				6A8C77DC1A0C328C000925F5 /* request_context_handler_cpptoc.cc in Sources */,
				6A8C78011A0C328C000925F5 /* post_data_element_ctocpp.cc in Sources */,
				6A8C77C51A0C328C000925F5 /* app_cpptoc.cc in Sources */,
				6A8C77D91A0C328C000925F5 /* read_handler_cpptoc.cc in Sources */,
				6A8C78001A0C328C000925F5 /* post_data_ctocpp.cc in Sources */,
				6A8C78121A0C328C000925F5 /* v8stack_trace_ctocpp.cc in Sources */,
				6A8C77FA1A0C328C000925F5 /* file_dialog_callback_ctocpp.cc in Sources */,
				6A8C77CB1A0C328C000925F5 /* dialog_handler_cpptoc.cc in Sources */,
				6A8C77F61A0C328C000925F5 /* domnode_ctocpp.cc in Sources */,
				6A8C76C71A0C06EE000925F5 /* main.m in Sources */,
				6A8C78111A0C328C000925F5 /* v8stack_frame_ctocpp.cc in Sources */,
				6A8C77EE1A0C328C000925F5 /* browser_ctocpp.cc in Sources */,
				6A8C76F01A0C2C83000925F5 /* MSView.mm in Sources */,
				6A8C781E1A0C328C000925F5 /* libcef_dll_wrapper.cc in Sources */,
				6A8C78101A0C328C000925F5 /* v8exception_ctocpp.cc in Sources */,
				6A8C780D1A0C328C000925F5 /* task_runner_ctocpp.cc in Sources */,
				6A8C781C1A0C328C000925F5 /* cef_xml_object.cc in Sources */,
				6A8C77F31A0C328C000925F5 /* cookie_manager_ctocpp.cc in Sources */,
				6A8C77D11A0C328C000925F5 /* focus_handler_cpptoc.cc in Sources */,
				6A8C77C21A0C328C000925F5 /* cef_thread_checker_impl.cc in Sources */,
				6A8C77DB1A0C328C000925F5 /* render_process_handler_cpptoc.cc in Sources */,
				6A8C781F1A0C328C000925F5 /* libcef_dll_wrapper2.cc in Sources */,
				6A8C78191A0C328C000925F5 /* cef_closure_task.cc in Sources */,
				6A8C77C61A0C328C000925F5 /* browser_process_handler_cpptoc.cc in Sources */,
				6A8C77F91A0C328C000925F5 /* drag_data_ctocpp.cc in Sources */,
				6A8C77D41A0C328C000925F5 /* jsdialog_handler_cpptoc.cc in Sources */,
				6A8C77F21A0C328C000925F5 /* context_menu_params_ctocpp.cc in Sources */,
				6A8C78031A0C328C000925F5 /* print_job_callback_ctocpp.cc in Sources */,
				6A8C78061A0C328C000925F5 /* quota_callback_ctocpp.cc in Sources */,
				6A8C78171A0C328C000925F5 /* transfer_util.cpp in Sources */,
				6A8C78021A0C328C000925F5 /* print_dialog_callback_ctocpp.cc in Sources */,
				6A8C77CF1A0C328C000925F5 /* drag_handler_cpptoc.cc in Sources */,
				6A8C77E41A0C328C000925F5 /* urlrequest_client_cpptoc.cc in Sources */,
				6A8C77C11A0C328C000925F5 /* cef_string16.cc in Sources */,
				6A8C77C01A0C328C000925F5 /* cef_ref_counted.cc in Sources */,
				6A8C78161A0C328C000925F5 /* zip_reader_ctocpp.cc in Sources */,
				6A8C77E01A0C328C000925F5 /* run_file_dialog_callback_cpptoc.cc in Sources */,
				6A8C77CA1A0C328C000925F5 /* cookie_visitor_cpptoc.cc in Sources */,
				6A8C77C71A0C328C000925F5 /* client_cpptoc.cc in Sources */,
			);
			runOnlyForDeploymentPostprocessing = 0;
		};
		6A8C76D41A0C06EE000925F5 /* Sources */ = {
			isa = PBXSourcesBuildPhase;
			buildActionMask = 2147483647;
			files = (
				6A8C76E51A0C06EE000925F5 /* MiniServoTests.m in Sources */,
			);
			runOnlyForDeploymentPostprocessing = 0;
		};
/* End PBXSourcesBuildPhase section */

/* Begin PBXTargetDependency section */
		6A8C76DD1A0C06EE000925F5 /* PBXTargetDependency */ = {
			isa = PBXTargetDependency;
			target = 6A8C76B61A0C06EE000925F5 /* MiniServo */;
			targetProxy = 6A8C76DC1A0C06EE000925F5 /* PBXContainerItemProxy */;
		};
/* End PBXTargetDependency section */

/* Begin PBXVariantGroup section */
		6A8C76C31A0C06EE000925F5 /* InfoPlist.strings */ = {
			isa = PBXVariantGroup;
			children = (
				6A8C76C41A0C06EE000925F5 /* en */,
			);
			name = InfoPlist.strings;
			sourceTree = "<group>";
		};
		6A8C76C91A0C06EE000925F5 /* Credits.rtf */ = {
			isa = PBXVariantGroup;
			children = (
				6A8C76CA1A0C06EE000925F5 /* en */,
			);
			name = Credits.rtf;
			sourceTree = "<group>";
		};
		6A8C76CF1A0C06EE000925F5 /* MainMenu.xib */ = {
			isa = PBXVariantGroup;
			children = (
				6A8C76D01A0C06EE000925F5 /* Base */,
			);
			name = MainMenu.xib;
			sourceTree = "<group>";
		};
		6A8C76E11A0C06EE000925F5 /* InfoPlist.strings */ = {
			isa = PBXVariantGroup;
			children = (
				6A8C76E21A0C06EE000925F5 /* en */,
			);
			name = InfoPlist.strings;
			sourceTree = "<group>";
		};
/* End PBXVariantGroup section */

/* Begin XCBuildConfiguration section */
		6A8C76E61A0C06EE000925F5 /* Debug */ = {
			isa = XCBuildConfiguration;
			buildSettings = {
				ALWAYS_SEARCH_USER_PATHS = NO;
				CLANG_CXX_LANGUAGE_STANDARD = "gnu++0x";
				CLANG_CXX_LIBRARY = "libc++";
				CLANG_ENABLE_MODULES = YES;
				CLANG_ENABLE_OBJC_ARC = YES;
				CLANG_WARN_BOOL_CONVERSION = YES;
				CLANG_WARN_CONSTANT_CONVERSION = YES;
				CLANG_WARN_DIRECT_OBJC_ISA_USAGE = YES_ERROR;
				CLANG_WARN_EMPTY_BODY = YES;
				CLANG_WARN_ENUM_CONVERSION = YES;
				CLANG_WARN_INT_CONVERSION = YES;
				CLANG_WARN_OBJC_ROOT_CLASS = YES_ERROR;
				CLANG_WARN__DUPLICATE_METHOD_MATCH = YES;
				COPY_PHASE_STRIP = NO;
				GCC_C_LANGUAGE_STANDARD = gnu99;
				GCC_DYNAMIC_NO_PIC = NO;
				GCC_ENABLE_OBJC_EXCEPTIONS = YES;
				GCC_OPTIMIZATION_LEVEL = 0;
				GCC_PREPROCESSOR_DEFINITIONS = (
					"DEBUG=1",
					"$(inherited)",
				);
				GCC_SYMBOLS_PRIVATE_EXTERN = NO;
				GCC_WARN_64_TO_32_BIT_CONVERSION = YES;
				GCC_WARN_ABOUT_RETURN_TYPE = YES_ERROR;
				GCC_WARN_UNDECLARED_SELECTOR = YES;
				GCC_WARN_UNINITIALIZED_AUTOS = YES_AGGRESSIVE;
				GCC_WARN_UNUSED_FUNCTION = YES;
				GCC_WARN_UNUSED_VARIABLE = YES;
				MACOSX_DEPLOYMENT_TARGET = 10.8;
				ONLY_ACTIVE_ARCH = YES;
				SDKROOT = macosx;
			};
			name = Debug;
		};
		6A8C76E71A0C06EE000925F5 /* Release */ = {
			isa = XCBuildConfiguration;
			buildSettings = {
				ALWAYS_SEARCH_USER_PATHS = NO;
				CLANG_CXX_LANGUAGE_STANDARD = "gnu++0x";
				CLANG_CXX_LIBRARY = "libc++";
				CLANG_ENABLE_MODULES = YES;
				CLANG_ENABLE_OBJC_ARC = YES;
				CLANG_WARN_BOOL_CONVERSION = YES;
				CLANG_WARN_CONSTANT_CONVERSION = YES;
				CLANG_WARN_DIRECT_OBJC_ISA_USAGE = YES_ERROR;
				CLANG_WARN_EMPTY_BODY = YES;
				CLANG_WARN_ENUM_CONVERSION = YES;
				CLANG_WARN_INT_CONVERSION = YES;
				CLANG_WARN_OBJC_ROOT_CLASS = YES_ERROR;
				CLANG_WARN__DUPLICATE_METHOD_MATCH = YES;
				COPY_PHASE_STRIP = YES;
				DEBUG_INFORMATION_FORMAT = "dwarf-with-dsym";
				ENABLE_NS_ASSERTIONS = NO;
				GCC_C_LANGUAGE_STANDARD = gnu99;
				GCC_ENABLE_OBJC_EXCEPTIONS = YES;
				GCC_WARN_64_TO_32_BIT_CONVERSION = YES;
				GCC_WARN_ABOUT_RETURN_TYPE = YES_ERROR;
				GCC_WARN_UNDECLARED_SELECTOR = YES;
				GCC_WARN_UNINITIALIZED_AUTOS = YES_AGGRESSIVE;
				GCC_WARN_UNUSED_FUNCTION = YES;
				GCC_WARN_UNUSED_VARIABLE = YES;
				MACOSX_DEPLOYMENT_TARGET = 10.8;
				SDKROOT = macosx;
			};
			name = Release;
		};
		6A8C76E91A0C06EE000925F5 /* Debug */ = {
			isa = XCBuildConfiguration;
			buildSettings = {
				ASSETCATALOG_COMPILER_APPICON_NAME = AppIcon;
				COMBINE_HIDPI_IMAGES = YES;
				FRAMEWORK_SEARCH_PATHS = (
					"$(inherited)",
					/Users/pcwalton/Source/cef_binary_3.2171.1879_macosx64/Debug,
				);
				GCC_PRECOMPILE_PREFIX_HEADER = YES;
				GCC_PREFIX_HEADER = "MiniServo/MiniServo-Prefix.pch";
				GCC_PREPROCESSOR_DEFINITIONS = (
					USING_CEF_SHARED,
					"DEBUG=1",
				);
				HEADER_SEARCH_PATHS = (
					"$(inherited)",
					/Applications/Xcode.app/Contents/Developer/Toolchains/XcodeDefault.xctoolchain/usr/include,
					/Users/pcwalton/Source/cef_binary_3.2171.1879_macosx64,
				);
				INFOPLIST_FILE = "MiniServo/MiniServo-Info.plist";
				PRODUCT_NAME = "$(TARGET_NAME)";
				WRAPPER_EXTENSION = app;
			};
			name = Debug;
		};
		6A8C76EA1A0C06EE000925F5 /* Release */ = {
			isa = XCBuildConfiguration;
			buildSettings = {
				ASSETCATALOG_COMPILER_APPICON_NAME = AppIcon;
				COMBINE_HIDPI_IMAGES = YES;
				FRAMEWORK_SEARCH_PATHS = (
					"$(inherited)",
					/Users/pcwalton/Source/cef_binary_3.2171.1879_macosx64/Debug,
				);
				GCC_PRECOMPILE_PREFIX_HEADER = YES;
				GCC_PREFIX_HEADER = "MiniServo/MiniServo-Prefix.pch";
				GCC_PREPROCESSOR_DEFINITIONS = USING_CEF_SHARED;
				HEADER_SEARCH_PATHS = (
					"$(inherited)",
					/Applications/Xcode.app/Contents/Developer/Toolchains/XcodeDefault.xctoolchain/usr/include,
					/Users/pcwalton/Source/cef_binary_3.2171.1879_macosx64,
				);
				INFOPLIST_FILE = "MiniServo/MiniServo-Info.plist";
				PRODUCT_NAME = "$(TARGET_NAME)";
				WRAPPER_EXTENSION = app;
			};
			name = Release;
		};
		6A8C76EC1A0C06EE000925F5 /* Debug */ = {
			isa = XCBuildConfiguration;
			buildSettings = {
				BUNDLE_LOADER = "$(BUILT_PRODUCTS_DIR)/MiniServo.app/Contents/MacOS/MiniServo";
				COMBINE_HIDPI_IMAGES = YES;
				FRAMEWORK_SEARCH_PATHS = (
					"$(DEVELOPER_FRAMEWORKS_DIR)",
					"$(inherited)",
				);
				GCC_PRECOMPILE_PREFIX_HEADER = YES;
				GCC_PREFIX_HEADER = "MiniServo/MiniServo-Prefix.pch";
				GCC_PREPROCESSOR_DEFINITIONS = (
					"DEBUG=1",
					"$(inherited)",
				);
				INFOPLIST_FILE = "MiniServoTests/MiniServoTests-Info.plist";
				PRODUCT_NAME = "$(TARGET_NAME)";
				TEST_HOST = "$(BUNDLE_LOADER)";
				WRAPPER_EXTENSION = xctest;
			};
			name = Debug;
		};
		6A8C76ED1A0C06EE000925F5 /* Release */ = {
			isa = XCBuildConfiguration;
			buildSettings = {
				BUNDLE_LOADER = "$(BUILT_PRODUCTS_DIR)/MiniServo.app/Contents/MacOS/MiniServo";
				COMBINE_HIDPI_IMAGES = YES;
				FRAMEWORK_SEARCH_PATHS = (
					"$(DEVELOPER_FRAMEWORKS_DIR)",
					"$(inherited)",
				);
				GCC_PRECOMPILE_PREFIX_HEADER = YES;
				GCC_PREFIX_HEADER = "MiniServo/MiniServo-Prefix.pch";
				INFOPLIST_FILE = "MiniServoTests/MiniServoTests-Info.plist";
				PRODUCT_NAME = "$(TARGET_NAME)";
				TEST_HOST = "$(BUNDLE_LOADER)";
				WRAPPER_EXTENSION = xctest;
			};
			name = Release;
		};
/* End XCBuildConfiguration section */

/* Begin XCConfigurationList section */
		6A8C76B21A0C06EE000925F5 /* Build configuration list for PBXProject "MiniServo" */ = {
			isa = XCConfigurationList;
			buildConfigurations = (
				6A8C76E61A0C06EE000925F5 /* Debug */,
				6A8C76E71A0C06EE000925F5 /* Release */,
			);
			defaultConfigurationIsVisible = 0;
			defaultConfigurationName = Release;
		};
		6A8C76E81A0C06EE000925F5 /* Build configuration list for PBXNativeTarget "MiniServo" */ = {
			isa = XCConfigurationList;
			buildConfigurations = (
				6A8C76E91A0C06EE000925F5 /* Debug */,
				6A8C76EA1A0C06EE000925F5 /* Release */,
			);
			defaultConfigurationIsVisible = 0;
		};
		6A8C76EB1A0C06EE000925F5 /* Build configuration list for PBXNativeTarget "MiniServoTests" */ = {
			isa = XCConfigurationList;
			buildConfigurations = (
				6A8C76EC1A0C06EE000925F5 /* Debug */,
				6A8C76ED1A0C06EE000925F5 /* Release */,
			);
			defaultConfigurationIsVisible = 0;
		};
/* End XCConfigurationList section */
	};
	rootObject = 6A8C76AF1A0C06EE000925F5 /* Project object */;
}
